<?xml version="1.0" encoding="utf-8"?>
<!--
  Copyright (c) eBPF for Windows contributors
  SPDX-License-Identifier: MIT
-->
<Project ToolsVersion="4.0" xmlns="http://schemas.microsoft.com/developer/msbuild/2003">
  <ItemGroup>
    <Filter Include="Source Files">
      <UniqueIdentifier>{4FC737F1-C7A5-4376-A066-2A32D752A2FF}</UniqueIdentifier>
      <Extensions>cpp;c;cc;cxx;c++;cppm;ixx;def;odl;idl;hpj;bat;asm;asmx</Extensions>
    </Filter>
    <Filter Include="Header Files">
      <UniqueIdentifier>{93995380-89BD-4b04-88EB-625FBE52EBFB}</UniqueIdentifier>
      <Extensions>h;hh;hpp;hxx;h++;hm;inl;inc;ipp;xsd</Extensions>
    </Filter>
    <Filter Include="Resource Files">
      <UniqueIdentifier>{67DA6AB6-F800-4c08-8B7A-83BB121AAD01}</UniqueIdentifier>
      <Extensions>rc;ico;cur;bmp;dlg;rc2;rct;bin;rgs;gif;jpg;jpeg;jpe;resx;tiff;tif;png;wav;mfcribbon-ms</Extensions>
    </Filter>
  </ItemGroup>
  <ItemGroup>
    <ClCompile Include="elf.cpp">
      <Filter>Source Files</Filter>
    </ClCompile>
    <ClCompile Include="programs.cpp">
      <Filter>Source Files</Filter>
    </ClCompile>
    <ClCompile Include="maps.cpp">
      <Filter>Source Files</Filter>
    </ClCompile>
    <ClCompile Include="links.cpp">
      <Filter>Source Files</Filter>
    </ClCompile>
    <ClCompile Include="pins.cpp">
      <Filter>Source Files</Filter>
    </ClCompile>
    <ClCompile Include="utilities.cpp">
      <Filter>Source Files</Filter>
    </ClCompile>
    <ClCompile Include="processes.cpp">
      <Filter>Source Files</Filter>
    </ClCompile>
  </ItemGroup>
  <ItemGroup>
    <ClInclude Include="elf.h">
      <Filter>Header Files</Filter>
    </ClInclude>
    <ClInclude Include="programs.h">
      <Filter>Header Files</Filter>
    </ClInclude>
    <ClInclude Include="tokens.h">
      <Filter>Header Files</Filter>
    </ClInclude>
    <ClInclude Include="maps.h">
      <Filter>Header Files</Filter>
    </ClInclude>
    <ClInclude Include="links.h">
      <Filter>Header Files</Filter>
    </ClInclude>
    <ClInclude Include="pins.h">
      <Filter>Header Files</Filter>
    </ClInclude>
    <ClInclude Include="utilities.h">
      <Filter>Header Files</Filter>
    </ClInclude>
    <ClInclude Include="processes.h">
      <Filter>Header Files</Filter>
    </ClInclude>
  </ItemGroup>
</Project>
