<?xml version="1.0" encoding="utf-8"?>
<!--
  Copyright (c) eBPF for Windows contributors
  SPDX-License-Identifier: MIT
-->
<Project ToolsVersion="4.0" xmlns="http://schemas.microsoft.com/developer/msbuild/2003">
  <ItemGroup>
    <CustomBuild Include="EbpfProtocol.3d">
      <Filter>Source Files</Filter>
    </CustomBuild>
  </ItemGroup>
  <ItemGroup>
    <ClCompile Include="$(OutDir)\EbpfProtocol.c">
      <Filter>Generated Files</Filter>
    </ClCompile>
    <ClCompile Include="$(OutDir)\EbpfProtocolWrapper.c">
      <Filter>Generated Files</Filter>
    </ClCompile>
  </ItemGroup>
  <ItemGroup>
    <ClInclude Include="ebpf_protocol_layout_check.h">
      <Filter>Source Files</Filter>
    </ClInclude>
    <ClInclude Include="$(OutDir)\EbpfProtocol.h">
      <Filter>Generated Files</Filter>
    </ClInclude>
    <ClInclude Include="$(OutDir)\EbpfProtocolWrapper.h">
      <Filter>Generated Files</Filter>
    </ClInclude>
    <ClInclude Include="$(OutDir)\EverParse.h">
      <Filter>Generated Files</Filter>
    </ClInclude>
    <ClInclude Include="$(OutDir)\EverParseEndianness.h">
      <Filter>Generated Files</Filter>
    </ClInclude>
  </ItemGroup>
  <ItemGroup>
    <Filter Include="Source Files">
      <UniqueIdentifier>{4FC737F1-C7A5-4376-A066-2A32D752A2FF}</UniqueIdentifier>
    </Filter>
    <Filter Include="Generated Files">
      <UniqueIdentifier>{93995380-89BD-4b04-88EB-625FBE52EBFB}</UniqueIdentifier>
    </Filter>
  </ItemGroup>
</Project>
