<?xml version="1.0" encoding="utf-8"?>
<!--
  Copyright (c) Microsoft Corporation
  SPDX-License-Identifier: MIT
-->
<Project ToolsVersion="4.0" xmlns="http://schemas.microsoft.com/developer/msbuild/2003">
  <ItemGroup>
    <None Include="packages.config" />
  </ItemGroup>
  <ItemGroup>
    <Filter Include="Source Files">
      <UniqueIdentifier>{e3b2f53a-4e31-4cc3-9604-6072e32944c3}</UniqueIdentifier>
    </Filter>
    <Filter Include="Header Files">
      <UniqueIdentifier>{a6828b2a-b89d-4406-8f8e-95130cf4da5d}</UniqueIdentifier>
    </Filter>
  </ItemGroup>
  <ItemGroup>
    <ClCompile Include="ebpf_api.cpp">
      <Filter>Source Files</Filter>
    </ClCompile>
    <ClCompile Include="Verifier.cpp">
      <Filter>Source Files</Filter>
    </ClCompile>
    <ClCompile Include="windows_platform.cpp">
      <Filter>Source Files</Filter>
    </ClCompile>
    <ClCompile Include="libbpf_program.cpp">
      <Filter>Source Files</Filter>
    </ClCompile>
    <ClCompile Include="libbpf_map.cpp">
      <Filter>Source Files</Filter>
    </ClCompile>
    <ClCompile Include="libbpf_object.cpp">
      <Filter>Source Files</Filter>
    </ClCompile>
    <ClCompile Include="libbpf_link.cpp">
      <Filter>Source Files</Filter>
    </ClCompile>
    <ClCompile Include="libbpf_system.cpp">
      <Filter>Source Files</Filter>
    </ClCompile>
    <ClCompile Include="bpf_syscall.cpp">
      <Filter>Source Files</Filter>
    </ClCompile>
    <ClCompile Include="libbpf_errno.cpp">
      <Filter>Source Files</Filter>
    </ClCompile>
  </ItemGroup>
  <ItemGroup>
    <ClInclude Include="pch.h">
      <Filter>Header Files</Filter>
    </ClInclude>
    <ClInclude Include="tlv.h">
      <Filter>Header Files</Filter>
    </ClInclude>
    <ClInclude Include="Verifier.h">
      <Filter>Header Files</Filter>
    </ClInclude>
    <ClInclude Include="windows_platform.hpp">
      <Filter>Header Files</Filter>
    </ClInclude>
    <ClInclude Include="api_internal.h">
      <Filter>Header Files</Filter>
    </ClInclude>
    <ClInclude Include="rpc_client.h">
      <Filter>Header Files</Filter>
    </ClInclude>
    <ClInclude Include="..\thunk\platform.h">
      <Filter>Header Files</Filter>
    </ClInclude>
  </ItemGroup>
</Project>