<?xml version="1.0" encoding="utf-8"?>
<!--
  Copyright (c) Microsoft Corporation
  SPDX-License-Identifier: MIT
-->
<Project ToolsVersion="4.0" xmlns="http://schemas.microsoft.com/developer/msbuild/2003">
  <ItemGroup>
    <Filter Include="Source Files">
      <UniqueIdentifier>{e3b2f53a-4e31-4cc3-9604-6072e32944c3}</UniqueIdentifier>
    </Filter>
    <Filter Include="Header Files">
      <UniqueIdentifier>{a6828b2a-b89d-4406-8f8e-95130cf4da5d}</UniqueIdentifier>
    </Filter>
  </ItemGroup>
  <ItemGroup>
    <ClCompile Include="windows_helpers.cpp">
      <Filter>Source Files</Filter>
    </ClCompile>
    <ClCompile Include="windows_platform_common.cpp">
      <Filter>Source Files</Filter>
    </ClCompile>
    <ClCompile Include="api_common.cpp">
      <Filter>Source Files</Filter>
    </ClCompile>
    <ClCompile Include="map_descriptors.cpp">
      <Filter>Source Files</Filter>
    </ClCompile>
    <ClCompile Include="device_helper.cpp">
      <Filter>Source Files</Filter>
    </ClCompile>
    <ClCompile Include="utilities.cpp">
      <Filter>Source Files</Filter>
    </ClCompile>
    <ClCompile Include="registry_helper.cpp">
      <Filter>Source Files</Filter>
    </ClCompile>
    <ClCompile Include="store_helper_internal.cpp">
      <Filter>Source Files</Filter>
    </ClCompile>
  </ItemGroup>
  <ItemGroup>
    <ClInclude Include="tlv.h">
      <Filter>Header Files</Filter>
    </ClInclude>
    <ClInclude Include="windows_platform_common.hpp">
      <Filter>Header Files</Filter>
    </ClInclude>
    <ClInclude Include="api_common.hpp">
      <Filter>Header Files</Filter>
    </ClInclude>
    <ClInclude Include="map_descriptors.hpp">
      <Filter>Header Files</Filter>
    </ClInclude>
    <ClInclude Include="device_helper.hpp">
      <Filter>Header Files</Filter>
    </ClInclude>
    <ClInclude Include="windows_program_type.h">
      <Filter>Header Files</Filter>
    </ClInclude>
    <ClInclude Include="utilities.hpp">
      <Filter>Header Files</Filter>
    </ClInclude>
    <ClInclude Include="store_helper_internal.h">
      <Filter>Header Files</Filter>
    </ClInclude>
  </ItemGroup>
</Project>