
Microsoft Visual Studio Solution File, Format Version 12.00
# Visual Studio Version 16
VisualStudioVersion = 16.0.30907.101
MinimumVisualStudioVersion = 10.0.40219.1
Project("{8BC9CEB8-8B4A-11D0-8D11-00A0C91BC942}") = "ebpfverifier", "external\ebpf-verifier\build\ebpfverifier.vcxproj", "{FF56AA2D-C0BC-3BB4-9637-BD352973CDF5}"
EndProject
Project("{8BC9CEB8-8B4A-11D0-8D11-00A0C91BC942}") = "EbpfCore", "src\ebpf\core\EbpfCore\EbpfCore.vcxproj", "{97E52ABB-2F1E-4AD2-AEFD-6EB7FDC0A41D}"
EndProject
Project("{8BC9CEB8-8B4A-11D0-8D11-00A0C91BC942}") = "EbpfTool", "src\ebpf\core\EbpfTool\EbpfTool.vcxproj", "{87765170-A439-418F-8EF3-0458D22C5772}"
EndProject
Project("{8BC9CEB8-8B4A-11D0-8D11-00A0C91BC942}") = "EbpfJitterDemoLib", "src\ebpf\libs\EbpfJitterDemoLib\EbpfJitterDemoLib.vcxproj", "{245F0EC7-1EBC-4D68-8B1F-F758EA9196AE}"
EndProject
Project("{8BC9CEB8-8B4A-11D0-8D11-00A0C91BC942}") = "api", "src\ebpf\libs\api\api.vcxproj", "{C8BF60C3-40A9-43AD-891A-8AA34F1C3A68}"
EndProject
Project("{8BC9CEB8-8B4A-11D0-8D11-00A0C91BC942}") = "test", "src\ebpf\libs\api\test\test.vcxproj", "{4C10AC76-384C-4539-B884-38E998749FB2}"
	ProjectSection(ProjectDependencies) = postProject
		{FF56AA2D-C0BC-3BB4-9637-BD352973CDF5} = {FF56AA2D-C0BC-3BB4-9637-BD352973CDF5}
	EndProjectSection
EndProject
Project("{8BC9CEB8-8B4A-11D0-8D11-00A0C91BC942}") = "dll", "src\ebpf\api\ebpfapi.vcxproj", "{75FE223A-3E45-4B0E-A2E8-04285E52E440}"
	ProjectSection(ProjectDependencies) = postProject
		{FF56AA2D-C0BC-3BB4-9637-BD352973CDF5} = {FF56AA2D-C0BC-3BB4-9637-BD352973CDF5}
	EndProjectSection
EndProject
Project("{8BC9CEB8-8B4A-11D0-8D11-00A0C91BC942}") = "ebpfnetsh", "src\tools\netsh\ebpfnetsh.vcxproj", "{74803F80-A8BD-4A03-862B-FA96648A9BF6}"
	ProjectSection(ProjectDependencies) = postProject
		{FF56AA2D-C0BC-3BB4-9637-BD352973CDF5} = {FF56AA2D-C0BC-3BB4-9637-BD352973CDF5}
		{75FE223A-3E45-4B0E-A2E8-04285E52E440} = {75FE223A-3E45-4B0E-A2E8-04285E52E440}
	EndProjectSection
EndProject
Project("{8BC9CEB8-8B4A-11D0-8D11-00A0C91BC942}") = "dnsflood", "src\tools\dnsflood\dnsflood.vcxproj", "{21236F4F-341C-454F-B55B-C653897AB3E8}"
EndProject
Global
	GlobalSection(SolutionConfigurationPlatforms) = preSolution
		Debug|ARM = Debug|ARM
		Debug|ARM64 = Debug|ARM64
		Debug|x64 = Debug|x64
		Debug|x86 = Debug|x86
		MinSizeRel|ARM = MinSizeRel|ARM
		MinSizeRel|ARM64 = MinSizeRel|ARM64
		MinSizeRel|x64 = MinSizeRel|x64
		MinSizeRel|x86 = MinSizeRel|x86
		Release|ARM = Release|ARM
		Release|ARM64 = Release|ARM64
		Release|x64 = Release|x64
		Release|x86 = Release|x86
		RelWithDebInfo|ARM = RelWithDebInfo|ARM
		RelWithDebInfo|ARM64 = RelWithDebInfo|ARM64
		RelWithDebInfo|x64 = RelWithDebInfo|x64
		RelWithDebInfo|x86 = RelWithDebInfo|x86
	EndGlobalSection
	GlobalSection(ProjectConfigurationPlatforms) = postSolution
		{FF56AA2D-C0BC-3BB4-9637-BD352973CDF5}.Debug|ARM.ActiveCfg = Debug|x64
		{FF56AA2D-C0BC-3BB4-9637-BD352973CDF5}.Debug|ARM64.ActiveCfg = Debug|x64
		{FF56AA2D-C0BC-3BB4-9637-BD352973CDF5}.Debug|x64.ActiveCfg = Debug|x64
		{FF56AA2D-C0BC-3BB4-9637-BD352973CDF5}.Debug|x64.Build.0 = Debug|x64
		{FF56AA2D-C0BC-3BB4-9637-BD352973CDF5}.Debug|x86.ActiveCfg = Debug|x64
		{FF56AA2D-C0BC-3BB4-9637-BD352973CDF5}.MinSizeRel|ARM.ActiveCfg = MinSizeRel|x64
		{FF56AA2D-C0BC-3BB4-9637-BD352973CDF5}.MinSizeRel|ARM64.ActiveCfg = MinSizeRel|x64
		{FF56AA2D-C0BC-3BB4-9637-BD352973CDF5}.MinSizeRel|x64.ActiveCfg = MinSizeRel|x64
		{FF56AA2D-C0BC-3BB4-9637-BD352973CDF5}.MinSizeRel|x64.Build.0 = MinSizeRel|x64
		{FF56AA2D-C0BC-3BB4-9637-BD352973CDF5}.MinSizeRel|x86.ActiveCfg = MinSizeRel|x64
		{FF56AA2D-C0BC-3BB4-9637-BD352973CDF5}.Release|ARM.ActiveCfg = Release|x64
		{FF56AA2D-C0BC-3BB4-9637-BD352973CDF5}.Release|ARM64.ActiveCfg = Release|x64
		{FF56AA2D-C0BC-3BB4-9637-BD352973CDF5}.Release|x64.ActiveCfg = Release|x64
		{FF56AA2D-C0BC-3BB4-9637-BD352973CDF5}.Release|x64.Build.0 = Release|x64
		{FF56AA2D-C0BC-3BB4-9637-BD352973CDF5}.Release|x86.ActiveCfg = Release|x64
		{FF56AA2D-C0BC-3BB4-9637-BD352973CDF5}.RelWithDebInfo|ARM.ActiveCfg = RelWithDebInfo|x64
		{FF56AA2D-C0BC-3BB4-9637-BD352973CDF5}.RelWithDebInfo|ARM64.ActiveCfg = RelWithDebInfo|x64
		{FF56AA2D-C0BC-3BB4-9637-BD352973CDF5}.RelWithDebInfo|x64.ActiveCfg = RelWithDebInfo|x64
		{FF56AA2D-C0BC-3BB4-9637-BD352973CDF5}.RelWithDebInfo|x64.Build.0 = RelWithDebInfo|x64
		{FF56AA2D-C0BC-3BB4-9637-BD352973CDF5}.RelWithDebInfo|x86.ActiveCfg = RelWithDebInfo|x64
		{97E52ABB-2F1E-4AD2-AEFD-6EB7FDC0A41D}.Debug|ARM.ActiveCfg = Debug|ARM
		{97E52ABB-2F1E-4AD2-AEFD-6EB7FDC0A41D}.Debug|ARM.Build.0 = Debug|ARM
		{97E52ABB-2F1E-4AD2-AEFD-6EB7FDC0A41D}.Debug|ARM.Deploy.0 = Debug|ARM
		{97E52ABB-2F1E-4AD2-AEFD-6EB7FDC0A41D}.Debug|ARM64.ActiveCfg = Debug|ARM64
		{97E52ABB-2F1E-4AD2-AEFD-6EB7FDC0A41D}.Debug|ARM64.Build.0 = Debug|ARM64
		{97E52ABB-2F1E-4AD2-AEFD-6EB7FDC0A41D}.Debug|ARM64.Deploy.0 = Debug|ARM64
		{97E52ABB-2F1E-4AD2-AEFD-6EB7FDC0A41D}.Debug|x64.ActiveCfg = Debug|x64
		{97E52ABB-2F1E-4AD2-AEFD-6EB7FDC0A41D}.Debug|x64.Build.0 = Debug|x64
		{97E52ABB-2F1E-4AD2-AEFD-6EB7FDC0A41D}.Debug|x64.Deploy.0 = Debug|x64
		{97E52ABB-2F1E-4AD2-AEFD-6EB7FDC0A41D}.Debug|x86.ActiveCfg = Debug|Win32
		{97E52ABB-2F1E-4AD2-AEFD-6EB7FDC0A41D}.Debug|x86.Build.0 = Debug|Win32
		{97E52ABB-2F1E-4AD2-AEFD-6EB7FDC0A41D}.Debug|x86.Deploy.0 = Debug|Win32
		{97E52ABB-2F1E-4AD2-AEFD-6EB7FDC0A41D}.MinSizeRel|ARM.ActiveCfg = Debug|ARM
		{97E52ABB-2F1E-4AD2-AEFD-6EB7FDC0A41D}.MinSizeRel|ARM.Build.0 = Debug|ARM
		{97E52ABB-2F1E-4AD2-AEFD-6EB7FDC0A41D}.MinSizeRel|ARM.Deploy.0 = Debug|ARM
		{97E52ABB-2F1E-4AD2-AEFD-6EB7FDC0A41D}.MinSizeRel|ARM64.ActiveCfg = Debug|ARM64
		{97E52ABB-2F1E-4AD2-AEFD-6EB7FDC0A41D}.MinSizeRel|ARM64.Build.0 = Debug|ARM64
		{97E52ABB-2F1E-4AD2-AEFD-6EB7FDC0A41D}.MinSizeRel|ARM64.Deploy.0 = Debug|ARM64
		{97E52ABB-2F1E-4AD2-AEFD-6EB7FDC0A41D}.MinSizeRel|x64.ActiveCfg = Debug|x64
		{97E52ABB-2F1E-4AD2-AEFD-6EB7FDC0A41D}.MinSizeRel|x64.Build.0 = Debug|x64
		{97E52ABB-2F1E-4AD2-AEFD-6EB7FDC0A41D}.MinSizeRel|x64.Deploy.0 = Debug|x64
		{97E52ABB-2F1E-4AD2-AEFD-6EB7FDC0A41D}.MinSizeRel|x86.ActiveCfg = Debug|Win32
		{97E52ABB-2F1E-4AD2-AEFD-6EB7FDC0A41D}.MinSizeRel|x86.Build.0 = Debug|Win32
		{97E52ABB-2F1E-4AD2-AEFD-6EB7FDC0A41D}.MinSizeRel|x86.Deploy.0 = Debug|Win32
		{97E52ABB-2F1E-4AD2-AEFD-6EB7FDC0A41D}.Release|ARM.ActiveCfg = Release|ARM
		{97E52ABB-2F1E-4AD2-AEFD-6EB7FDC0A41D}.Release|ARM.Build.0 = Release|ARM
		{97E52ABB-2F1E-4AD2-AEFD-6EB7FDC0A41D}.Release|ARM.Deploy.0 = Release|ARM
		{97E52ABB-2F1E-4AD2-AEFD-6EB7FDC0A41D}.Release|ARM64.ActiveCfg = Release|ARM64
		{97E52ABB-2F1E-4AD2-AEFD-6EB7FDC0A41D}.Release|ARM64.Build.0 = Release|ARM64
		{97E52ABB-2F1E-4AD2-AEFD-6EB7FDC0A41D}.Release|ARM64.Deploy.0 = Release|ARM64
		{97E52ABB-2F1E-4AD2-AEFD-6EB7FDC0A41D}.Release|x64.ActiveCfg = Release|x64
		{97E52ABB-2F1E-4AD2-AEFD-6EB7FDC0A41D}.Release|x64.Build.0 = Release|x64
		{97E52ABB-2F1E-4AD2-AEFD-6EB7FDC0A41D}.Release|x64.Deploy.0 = Release|x64
		{97E52ABB-2F1E-4AD2-AEFD-6EB7FDC0A41D}.Release|x86.ActiveCfg = Release|Win32
		{97E52ABB-2F1E-4AD2-AEFD-6EB7FDC0A41D}.Release|x86.Build.0 = Release|Win32
		{97E52ABB-2F1E-4AD2-AEFD-6EB7FDC0A41D}.Release|x86.Deploy.0 = Release|Win32
		{97E52ABB-2F1E-4AD2-AEFD-6EB7FDC0A41D}.RelWithDebInfo|ARM.ActiveCfg = Release|ARM
		{97E52ABB-2F1E-4AD2-AEFD-6EB7FDC0A41D}.RelWithDebInfo|ARM.Build.0 = Release|ARM
		{97E52ABB-2F1E-4AD2-AEFD-6EB7FDC0A41D}.RelWithDebInfo|ARM.Deploy.0 = Release|ARM
		{97E52ABB-2F1E-4AD2-AEFD-6EB7FDC0A41D}.RelWithDebInfo|ARM64.ActiveCfg = Release|ARM64
		{97E52ABB-2F1E-4AD2-AEFD-6EB7FDC0A41D}.RelWithDebInfo|ARM64.Build.0 = Release|ARM64
		{97E52ABB-2F1E-4AD2-AEFD-6EB7FDC0A41D}.RelWithDebInfo|ARM64.Deploy.0 = Release|ARM64
		{97E52ABB-2F1E-4AD2-AEFD-6EB7FDC0A41D}.RelWithDebInfo|x64.ActiveCfg = Release|x64
		{97E52ABB-2F1E-4AD2-AEFD-6EB7FDC0A41D}.RelWithDebInfo|x64.Build.0 = Release|x64
		{97E52ABB-2F1E-4AD2-AEFD-6EB7FDC0A41D}.RelWithDebInfo|x64.Deploy.0 = Release|x64
		{97E52ABB-2F1E-4AD2-AEFD-6EB7FDC0A41D}.RelWithDebInfo|x86.ActiveCfg = Release|Win32
		{97E52ABB-2F1E-4AD2-AEFD-6EB7FDC0A41D}.RelWithDebInfo|x86.Build.0 = Release|Win32
		{97E52ABB-2F1E-4AD2-AEFD-6EB7FDC0A41D}.RelWithDebInfo|x86.Deploy.0 = Release|Win32
		{87765170-A439-418F-8EF3-0458D22C5772}.Debug|ARM.ActiveCfg = Debug|Win32
		{87765170-A439-418F-8EF3-0458D22C5772}.Debug|ARM64.ActiveCfg = Debug|Win32
		{87765170-A439-418F-8EF3-0458D22C5772}.Debug|x64.ActiveCfg = Debug|x64
		{87765170-A439-418F-8EF3-0458D22C5772}.Debug|x64.Build.0 = Debug|x64
		{87765170-A439-418F-8EF3-0458D22C5772}.Debug|x86.ActiveCfg = Debug|Win32
		{87765170-A439-418F-8EF3-0458D22C5772}.Debug|x86.Build.0 = Debug|Win32
		{87765170-A439-418F-8EF3-0458D22C5772}.MinSizeRel|ARM.ActiveCfg = Debug|Win32
		{87765170-A439-418F-8EF3-0458D22C5772}.MinSizeRel|ARM.Build.0 = Debug|Win32
		{87765170-A439-418F-8EF3-0458D22C5772}.MinSizeRel|ARM64.ActiveCfg = Debug|Win32
		{87765170-A439-418F-8EF3-0458D22C5772}.MinSizeRel|ARM64.Build.0 = Debug|Win32
		{87765170-A439-418F-8EF3-0458D22C5772}.MinSizeRel|x64.ActiveCfg = Debug|x64
		{87765170-A439-418F-8EF3-0458D22C5772}.MinSizeRel|x64.Build.0 = Debug|x64
		{87765170-A439-418F-8EF3-0458D22C5772}.MinSizeRel|x86.ActiveCfg = Debug|Win32
		{87765170-A439-418F-8EF3-0458D22C5772}.MinSizeRel|x86.Build.0 = Debug|Win32
		{87765170-A439-418F-8EF3-0458D22C5772}.Release|ARM.ActiveCfg = Release|Win32
		{87765170-A439-418F-8EF3-0458D22C5772}.Release|ARM64.ActiveCfg = Release|Win32
		{87765170-A439-418F-8EF3-0458D22C5772}.Release|x64.ActiveCfg = Release|x64
		{87765170-A439-418F-8EF3-0458D22C5772}.Release|x64.Build.0 = Release|x64
		{87765170-A439-418F-8EF3-0458D22C5772}.Release|x86.ActiveCfg = Release|Win32
		{87765170-A439-418F-8EF3-0458D22C5772}.Release|x86.Build.0 = Release|Win32
		{87765170-A439-418F-8EF3-0458D22C5772}.RelWithDebInfo|ARM.ActiveCfg = Debug|Win32
		{87765170-A439-418F-8EF3-0458D22C5772}.RelWithDebInfo|ARM.Build.0 = Debug|Win32
		{87765170-A439-418F-8EF3-0458D22C5772}.RelWithDebInfo|ARM64.ActiveCfg = Debug|Win32
		{87765170-A439-418F-8EF3-0458D22C5772}.RelWithDebInfo|ARM64.Build.0 = Debug|Win32
		{87765170-A439-418F-8EF3-0458D22C5772}.RelWithDebInfo|x64.ActiveCfg = Release|x64
		{87765170-A439-418F-8EF3-0458D22C5772}.RelWithDebInfo|x64.Build.0 = Release|x64
		{87765170-A439-418F-8EF3-0458D22C5772}.RelWithDebInfo|x86.ActiveCfg = Release|Win32
		{87765170-A439-418F-8EF3-0458D22C5772}.RelWithDebInfo|x86.Build.0 = Release|Win32
		{245F0EC7-1EBC-4D68-8B1F-F758EA9196AE}.Debug|ARM.ActiveCfg = Debug|Win32
		{245F0EC7-1EBC-4D68-8B1F-F758EA9196AE}.Debug|ARM64.ActiveCfg = Debug|Win32
		{245F0EC7-1EBC-4D68-8B1F-F758EA9196AE}.Debug|x64.ActiveCfg = Debug|x64
		{245F0EC7-1EBC-4D68-8B1F-F758EA9196AE}.Debug|x64.Build.0 = Debug|x64
		{245F0EC7-1EBC-4D68-8B1F-F758EA9196AE}.Debug|x86.ActiveCfg = Debug|Win32
		{245F0EC7-1EBC-4D68-8B1F-F758EA9196AE}.Debug|x86.Build.0 = Debug|Win32
		{245F0EC7-1EBC-4D68-8B1F-F758EA9196AE}.MinSizeRel|ARM.ActiveCfg = Debug|Win32
		{245F0EC7-1EBC-4D68-8B1F-F758EA9196AE}.MinSizeRel|ARM.Build.0 = Debug|Win32
		{245F0EC7-1EBC-4D68-8B1F-F758EA9196AE}.MinSizeRel|ARM64.ActiveCfg = Debug|Win32
		{245F0EC7-1EBC-4D68-8B1F-F758EA9196AE}.MinSizeRel|ARM64.Build.0 = Debug|Win32
		{245F0EC7-1EBC-4D68-8B1F-F758EA9196AE}.MinSizeRel|x64.ActiveCfg = Debug|x64
		{245F0EC7-1EBC-4D68-8B1F-F758EA9196AE}.MinSizeRel|x64.Build.0 = Debug|x64
		{245F0EC7-1EBC-4D68-8B1F-F758EA9196AE}.MinSizeRel|x86.ActiveCfg = Debug|Win32
		{245F0EC7-1EBC-4D68-8B1F-F758EA9196AE}.MinSizeRel|x86.Build.0 = Debug|Win32
		{245F0EC7-1EBC-4D68-8B1F-F758EA9196AE}.Release|ARM.ActiveCfg = Release|Win32
		{245F0EC7-1EBC-4D68-8B1F-F758EA9196AE}.Release|ARM64.ActiveCfg = Release|Win32
		{245F0EC7-1EBC-4D68-8B1F-F758EA9196AE}.Release|x64.ActiveCfg = Release|x64
		{245F0EC7-1EBC-4D68-8B1F-F758EA9196AE}.Release|x64.Build.0 = Release|x64
		{245F0EC7-1EBC-4D68-8B1F-F758EA9196AE}.Release|x86.ActiveCfg = Release|Win32
		{245F0EC7-1EBC-4D68-8B1F-F758EA9196AE}.Release|x86.Build.0 = Release|Win32
		{245F0EC7-1EBC-4D68-8B1F-F758EA9196AE}.RelWithDebInfo|ARM.ActiveCfg = Debug|Win32
		{245F0EC7-1EBC-4D68-8B1F-F758EA9196AE}.RelWithDebInfo|ARM.Build.0 = Debug|Win32
		{245F0EC7-1EBC-4D68-8B1F-F758EA9196AE}.RelWithDebInfo|ARM64.ActiveCfg = Debug|Win32
		{245F0EC7-1EBC-4D68-8B1F-F758EA9196AE}.RelWithDebInfo|ARM64.Build.0 = Debug|Win32
		{245F0EC7-1EBC-4D68-8B1F-F758EA9196AE}.RelWithDebInfo|x64.ActiveCfg = Release|x64
		{245F0EC7-1EBC-4D68-8B1F-F758EA9196AE}.RelWithDebInfo|x64.Build.0 = Release|x64
		{245F0EC7-1EBC-4D68-8B1F-F758EA9196AE}.RelWithDebInfo|x86.ActiveCfg = Release|Win32
		{245F0EC7-1EBC-4D68-8B1F-F758EA9196AE}.RelWithDebInfo|x86.Build.0 = Release|Win32
		{C8BF60C3-40A9-43AD-891A-8AA34F1C3A68}.Debug|ARM.ActiveCfg = Debug|Win32
		{C8BF60C3-40A9-43AD-891A-8AA34F1C3A68}.Debug|ARM64.ActiveCfg = Debug|Win32
		{C8BF60C3-40A9-43AD-891A-8AA34F1C3A68}.Debug|x64.ActiveCfg = Debug|x64
		{C8BF60C3-40A9-43AD-891A-8AA34F1C3A68}.Debug|x64.Build.0 = Debug|x64
		{C8BF60C3-40A9-43AD-891A-8AA34F1C3A68}.Debug|x86.ActiveCfg = Debug|Win32
		{C8BF60C3-40A9-43AD-891A-8AA34F1C3A68}.Debug|x86.Build.0 = Debug|Win32
		{C8BF60C3-40A9-43AD-891A-8AA34F1C3A68}.MinSizeRel|ARM.ActiveCfg = Debug|Win32
		{C8BF60C3-40A9-43AD-891A-8AA34F1C3A68}.MinSizeRel|ARM.Build.0 = Debug|Win32
		{C8BF60C3-40A9-43AD-891A-8AA34F1C3A68}.MinSizeRel|ARM64.ActiveCfg = Debug|Win32
		{C8BF60C3-40A9-43AD-891A-8AA34F1C3A68}.MinSizeRel|ARM64.Build.0 = Debug|Win32
		{C8BF60C3-40A9-43AD-891A-8AA34F1C3A68}.MinSizeRel|x64.ActiveCfg = Debug|x64
		{C8BF60C3-40A9-43AD-891A-8AA34F1C3A68}.MinSizeRel|x64.Build.0 = Debug|x64
		{C8BF60C3-40A9-43AD-891A-8AA34F1C3A68}.MinSizeRel|x86.ActiveCfg = Debug|Win32
		{C8BF60C3-40A9-43AD-891A-8AA34F1C3A68}.MinSizeRel|x86.Build.0 = Debug|Win32
		{C8BF60C3-40A9-43AD-891A-8AA34F1C3A68}.Release|ARM.ActiveCfg = Release|Win32
		{C8BF60C3-40A9-43AD-891A-8AA34F1C3A68}.Release|ARM64.ActiveCfg = Release|Win32
		{C8BF60C3-40A9-43AD-891A-8AA34F1C3A68}.Release|x64.ActiveCfg = Release|x64
		{C8BF60C3-40A9-43AD-891A-8AA34F1C3A68}.Release|x64.Build.0 = Release|x64
		{C8BF60C3-40A9-43AD-891A-8AA34F1C3A68}.Release|x86.ActiveCfg = Release|Win32
		{C8BF60C3-40A9-43AD-891A-8AA34F1C3A68}.Release|x86.Build.0 = Release|Win32
		{C8BF60C3-40A9-43AD-891A-8AA34F1C3A68}.RelWithDebInfo|ARM.ActiveCfg = Debug|Win32
		{C8BF60C3-40A9-43AD-891A-8AA34F1C3A68}.RelWithDebInfo|ARM.Build.0 = Debug|Win32
		{C8BF60C3-40A9-43AD-891A-8AA34F1C3A68}.RelWithDebInfo|ARM64.ActiveCfg = Debug|Win32
		{C8BF60C3-40A9-43AD-891A-8AA34F1C3A68}.RelWithDebInfo|ARM64.Build.0 = Debug|Win32
		{C8BF60C3-40A9-43AD-891A-8AA34F1C3A68}.RelWithDebInfo|x64.ActiveCfg = Release|x64
		{C8BF60C3-40A9-43AD-891A-8AA34F1C3A68}.RelWithDebInfo|x64.Build.0 = Release|x64
		{C8BF60C3-40A9-43AD-891A-8AA34F1C3A68}.RelWithDebInfo|x86.ActiveCfg = Release|Win32
		{C8BF60C3-40A9-43AD-891A-8AA34F1C3A68}.RelWithDebInfo|x86.Build.0 = Release|Win32
		{4C10AC76-384C-4539-B884-38E998749FB2}.Debug|ARM.ActiveCfg = Debug|Win32
		{4C10AC76-384C-4539-B884-38E998749FB2}.Debug|ARM64.ActiveCfg = Debug|Win32
		{4C10AC76-384C-4539-B884-38E998749FB2}.Debug|x64.ActiveCfg = Debug|x64
		{4C10AC76-384C-4539-B884-38E998749FB2}.Debug|x64.Build.0 = Debug|x64
		{4C10AC76-384C-4539-B884-38E998749FB2}.Debug|x86.ActiveCfg = Debug|Win32
		{4C10AC76-384C-4539-B884-38E998749FB2}.Debug|x86.Build.0 = Debug|Win32
		{4C10AC76-384C-4539-B884-38E998749FB2}.MinSizeRel|ARM.ActiveCfg = Debug|Win32
		{4C10AC76-384C-4539-B884-38E998749FB2}.MinSizeRel|ARM.Build.0 = Debug|Win32
		{4C10AC76-384C-4539-B884-38E998749FB2}.MinSizeRel|ARM64.ActiveCfg = Debug|Win32
		{4C10AC76-384C-4539-B884-38E998749FB2}.MinSizeRel|ARM64.Build.0 = Debug|Win32
		{4C10AC76-384C-4539-B884-38E998749FB2}.MinSizeRel|x64.ActiveCfg = Debug|x64
		{4C10AC76-384C-4539-B884-38E998749FB2}.MinSizeRel|x64.Build.0 = Debug|x64
		{4C10AC76-384C-4539-B884-38E998749FB2}.MinSizeRel|x86.ActiveCfg = Debug|Win32
		{4C10AC76-384C-4539-B884-38E998749FB2}.MinSizeRel|x86.Build.0 = Debug|Win32
		{4C10AC76-384C-4539-B884-38E998749FB2}.Release|ARM.ActiveCfg = Release|Win32
		{4C10AC76-384C-4539-B884-38E998749FB2}.Release|ARM64.ActiveCfg = Release|Win32
		{4C10AC76-384C-4539-B884-38E998749FB2}.Release|x64.ActiveCfg = Release|x64
		{4C10AC76-384C-4539-B884-38E998749FB2}.Release|x64.Build.0 = Release|x64
		{4C10AC76-384C-4539-B884-38E998749FB2}.Release|x86.ActiveCfg = Release|Win32
		{4C10AC76-384C-4539-B884-38E998749FB2}.Release|x86.Build.0 = Release|Win32
		{4C10AC76-384C-4539-B884-38E998749FB2}.RelWithDebInfo|ARM.ActiveCfg = Debug|Win32
		{4C10AC76-384C-4539-B884-38E998749FB2}.RelWithDebInfo|ARM.Build.0 = Debug|Win32
		{4C10AC76-384C-4539-B884-38E998749FB2}.RelWithDebInfo|ARM64.ActiveCfg = Debug|Win32
		{4C10AC76-384C-4539-B884-38E998749FB2}.RelWithDebInfo|ARM64.Build.0 = Debug|Win32
		{4C10AC76-384C-4539-B884-38E998749FB2}.RelWithDebInfo|x64.ActiveCfg = Release|x64
		{4C10AC76-384C-4539-B884-38E998749FB2}.RelWithDebInfo|x64.Build.0 = Release|x64
		{4C10AC76-384C-4539-B884-38E998749FB2}.RelWithDebInfo|x86.ActiveCfg = Release|Win32
		{4C10AC76-384C-4539-B884-38E998749FB2}.RelWithDebInfo|x86.Build.0 = Release|Win32
		{75FE223A-3E45-4B0E-A2E8-04285E52E440}.Debug|ARM.ActiveCfg = Debug|Win32
		{75FE223A-3E45-4B0E-A2E8-04285E52E440}.Debug|ARM64.ActiveCfg = Debug|Win32
		{75FE223A-3E45-4B0E-A2E8-04285E52E440}.Debug|x64.ActiveCfg = Debug|x64
		{75FE223A-3E45-4B0E-A2E8-04285E52E440}.Debug|x64.Build.0 = Debug|x64
		{75FE223A-3E45-4B0E-A2E8-04285E52E440}.Debug|x86.ActiveCfg = Debug|Win32
		{75FE223A-3E45-4B0E-A2E8-04285E52E440}.Debug|x86.Build.0 = Debug|Win32
		{75FE223A-3E45-4B0E-A2E8-04285E52E440}.MinSizeRel|ARM.ActiveCfg = Debug|Win32
		{75FE223A-3E45-4B0E-A2E8-04285E52E440}.MinSizeRel|ARM.Build.0 = Debug|Win32
		{75FE223A-3E45-4B0E-A2E8-04285E52E440}.MinSizeRel|ARM64.ActiveCfg = Debug|Win32
		{75FE223A-3E45-4B0E-A2E8-04285E52E440}.MinSizeRel|ARM64.Build.0 = Debug|Win32
		{75FE223A-3E45-4B0E-A2E8-04285E52E440}.MinSizeRel|x64.ActiveCfg = Debug|x64
		{75FE223A-3E45-4B0E-A2E8-04285E52E440}.MinSizeRel|x64.Build.0 = Debug|x64
		{75FE223A-3E45-4B0E-A2E8-04285E52E440}.MinSizeRel|x86.ActiveCfg = Debug|Win32
		{75FE223A-3E45-4B0E-A2E8-04285E52E440}.MinSizeRel|x86.Build.0 = Debug|Win32
		{75FE223A-3E45-4B0E-A2E8-04285E52E440}.Release|ARM.ActiveCfg = Release|Win32
		{75FE223A-3E45-4B0E-A2E8-04285E52E440}.Release|ARM64.ActiveCfg = Release|Win32
		{75FE223A-3E45-4B0E-A2E8-04285E52E440}.Release|x64.ActiveCfg = Release|x64
		{75FE223A-3E45-4B0E-A2E8-04285E52E440}.Release|x64.Build.0 = Release|x64
		{75FE223A-3E45-4B0E-A2E8-04285E52E440}.Release|x86.ActiveCfg = Release|Win32
		{75FE223A-3E45-4B0E-A2E8-04285E52E440}.Release|x86.Build.0 = Release|Win32
		{75FE223A-3E45-4B0E-A2E8-04285E52E440}.RelWithDebInfo|ARM.ActiveCfg = Debug|Win32
		{75FE223A-3E45-4B0E-A2E8-04285E52E440}.RelWithDebInfo|ARM.Build.0 = Debug|Win32
		{75FE223A-3E45-4B0E-A2E8-04285E52E440}.RelWithDebInfo|ARM64.ActiveCfg = Debug|Win32
		{75FE223A-3E45-4B0E-A2E8-04285E52E440}.RelWithDebInfo|ARM64.Build.0 = Debug|Win32
		{75FE223A-3E45-4B0E-A2E8-04285E52E440}.RelWithDebInfo|x64.ActiveCfg = Release|x64
		{75FE223A-3E45-4B0E-A2E8-04285E52E440}.RelWithDebInfo|x64.Build.0 = Release|x64
		{75FE223A-3E45-4B0E-A2E8-04285E52E440}.RelWithDebInfo|x86.ActiveCfg = Release|Win32
		{75FE223A-3E45-4B0E-A2E8-04285E52E440}.RelWithDebInfo|x86.Build.0 = Release|Win32
		{74803F80-A8BD-4A03-862B-FA96648A9BF6}.Debug|ARM.ActiveCfg = Debug|Win32
		{74803F80-A8BD-4A03-862B-FA96648A9BF6}.Debug|ARM64.ActiveCfg = Debug|Win32
		{74803F80-A8BD-4A03-862B-FA96648A9BF6}.Debug|x64.ActiveCfg = Debug|x64
		{74803F80-A8BD-4A03-862B-FA96648A9BF6}.Debug|x64.Build.0 = Debug|x64
		{74803F80-A8BD-4A03-862B-FA96648A9BF6}.Debug|x86.ActiveCfg = Debug|Win32
		{74803F80-A8BD-4A03-862B-FA96648A9BF6}.Debug|x86.Build.0 = Debug|Win32
		{74803F80-A8BD-4A03-862B-FA96648A9BF6}.MinSizeRel|ARM.ActiveCfg = Debug|Win32
		{74803F80-A8BD-4A03-862B-FA96648A9BF6}.MinSizeRel|ARM.Build.0 = Debug|Win32
		{74803F80-A8BD-4A03-862B-FA96648A9BF6}.MinSizeRel|ARM64.ActiveCfg = Debug|Win32
		{74803F80-A8BD-4A03-862B-FA96648A9BF6}.MinSizeRel|ARM64.Build.0 = Debug|Win32
		{74803F80-A8BD-4A03-862B-FA96648A9BF6}.MinSizeRel|x64.ActiveCfg = Debug|x64
		{74803F80-A8BD-4A03-862B-FA96648A9BF6}.MinSizeRel|x64.Build.0 = Debug|x64
		{74803F80-A8BD-4A03-862B-FA96648A9BF6}.MinSizeRel|x86.ActiveCfg = Debug|Win32
		{74803F80-A8BD-4A03-862B-FA96648A9BF6}.MinSizeRel|x86.Build.0 = Debug|Win32
		{74803F80-A8BD-4A03-862B-FA96648A9BF6}.Release|ARM.ActiveCfg = Release|Win32
		{74803F80-A8BD-4A03-862B-FA96648A9BF6}.Release|ARM64.ActiveCfg = Release|Win32
		{74803F80-A8BD-4A03-862B-FA96648A9BF6}.Release|x64.ActiveCfg = Release|x64
		{74803F80-A8BD-4A03-862B-FA96648A9BF6}.Release|x64.Build.0 = Release|x64
		{74803F80-A8BD-4A03-862B-FA96648A9BF6}.Release|x86.ActiveCfg = Release|Win32
		{74803F80-A8BD-4A03-862B-FA96648A9BF6}.Release|x86.Build.0 = Release|Win32
		{74803F80-A8BD-4A03-862B-FA96648A9BF6}.RelWithDebInfo|ARM.ActiveCfg = Debug|Win32
		{74803F80-A8BD-4A03-862B-FA96648A9BF6}.RelWithDebInfo|ARM.Build.0 = Debug|Win32
		{74803F80-A8BD-4A03-862B-FA96648A9BF6}.RelWithDebInfo|ARM64.ActiveCfg = Debug|Win32
		{74803F80-A8BD-4A03-862B-FA96648A9BF6}.RelWithDebInfo|ARM64.Build.0 = Debug|Win32
		{74803F80-A8BD-4A03-862B-FA96648A9BF6}.RelWithDebInfo|x64.ActiveCfg = Release|x64
		{74803F80-A8BD-4A03-862B-FA96648A9BF6}.RelWithDebInfo|x64.Build.0 = Release|x64
		{74803F80-A8BD-4A03-862B-FA96648A9BF6}.RelWithDebInfo|x86.ActiveCfg = Release|Win32
		{74803F80-A8BD-4A03-862B-FA96648A9BF6}.RelWithDebInfo|x86.Build.0 = Release|Win32
		{21236F4F-341C-454F-B55B-C653897AB3E8}.Debug|ARM.ActiveCfg = Debug|Win32
		{21236F4F-341C-454F-B55B-C653897AB3E8}.Debug|ARM64.ActiveCfg = Debug|Win32
		{21236F4F-341C-454F-B55B-C653897AB3E8}.Debug|x64.ActiveCfg = Debug|x64
		{21236F4F-341C-454F-B55B-C653897AB3E8}.Debug|x64.Build.0 = Debug|x64
		{21236F4F-341C-454F-B55B-C653897AB3E8}.Debug|x86.ActiveCfg = Debug|Win32
		{21236F4F-341C-454F-B55B-C653897AB3E8}.Debug|x86.Build.0 = Debug|Win32
		{21236F4F-341C-454F-B55B-C653897AB3E8}.MinSizeRel|ARM.ActiveCfg = Debug|Win32
		{21236F4F-341C-454F-B55B-C653897AB3E8}.MinSizeRel|ARM.Build.0 = Debug|Win32
		{21236F4F-341C-454F-B55B-C653897AB3E8}.MinSizeRel|ARM64.ActiveCfg = Debug|Win32
		{21236F4F-341C-454F-B55B-C653897AB3E8}.MinSizeRel|ARM64.Build.0 = Debug|Win32
		{21236F4F-341C-454F-B55B-C653897AB3E8}.MinSizeRel|x64.ActiveCfg = Debug|x64
		{21236F4F-341C-454F-B55B-C653897AB3E8}.MinSizeRel|x64.Build.0 = Debug|x64
		{21236F4F-341C-454F-B55B-C653897AB3E8}.MinSizeRel|x86.ActiveCfg = Debug|Win32
		{21236F4F-341C-454F-B55B-C653897AB3E8}.MinSizeRel|x86.Build.0 = Debug|Win32
		{21236F4F-341C-454F-B55B-C653897AB3E8}.Release|ARM.ActiveCfg = Release|Win32
		{21236F4F-341C-454F-B55B-C653897AB3E8}.Release|ARM64.ActiveCfg = Release|Win32
		{21236F4F-341C-454F-B55B-C653897AB3E8}.Release|x64.ActiveCfg = Release|x64
		{21236F4F-341C-454F-B55B-C653897AB3E8}.Release|x64.Build.0 = Release|x64
		{21236F4F-341C-454F-B55B-C653897AB3E8}.Release|x86.ActiveCfg = Release|Win32
		{21236F4F-341C-454F-B55B-C653897AB3E8}.Release|x86.Build.0 = Release|Win32
		{21236F4F-341C-454F-B55B-C653897AB3E8}.RelWithDebInfo|ARM.ActiveCfg = Debug|Win32
		{21236F4F-341C-454F-B55B-C653897AB3E8}.RelWithDebInfo|ARM.Build.0 = Debug|Win32
		{21236F4F-341C-454F-B55B-C653897AB3E8}.RelWithDebInfo|ARM64.ActiveCfg = Debug|Win32
		{21236F4F-341C-454F-B55B-C653897AB3E8}.RelWithDebInfo|ARM64.Build.0 = Debug|Win32
		{21236F4F-341C-454F-B55B-C653897AB3E8}.RelWithDebInfo|x64.ActiveCfg = Release|x64
		{21236F4F-341C-454F-B55B-C653897AB3E8}.RelWithDebInfo|x64.Build.0 = Release|x64
		{21236F4F-341C-454F-B55B-C653897AB3E8}.RelWithDebInfo|x86.ActiveCfg = Release|Win32
		{21236F4F-341C-454F-B55B-C653897AB3E8}.RelWithDebInfo|x86.Build.0 = Release|Win32
	EndGlobalSection
	GlobalSection(SolutionProperties) = preSolution
		HideSolutionNode = FALSE
	EndGlobalSection
	GlobalSection(ExtensibilityGlobals) = postSolution
		SolutionGuid = {3D5F862D-74C6-4357-9F95-0B152E33B7B8}
	EndGlobalSection
EndGlobal
