
Microsoft Visual Studio Solution File, Format Version 12.00
# Visual Studio Version 16
VisualStudioVersion = 16.0.30907.101
MinimumVisualStudioVersion = 10.0.40219.1
Project("{2150E333-8FDC-42A3-9474-1A3956D46DE8}") = "libs", "libs", "{B02E60AE-1254-459C-8824-AC6CDB6AE52E}"
EndProject
Project("{2150E333-8FDC-42A3-9474-1A3956D46DE8}") = "user", "user", "{69CDB6A1-434D-4BC9-9BFF-D12DF7EDBB6B}"
EndProject
Project("{8BC9CEB8-8B4A-11D0-8D11-00A0C91BC942}") = "execution_context_user", "src\ebpf\libs\execution_context\user\execution_context_user.vcxproj", "{18127B0D-8381-4AFE-9A3A-CF53241992D3}"
	ProjectSection(ProjectDependencies) = postProject
		{231EE32B-EBA4-4FE5-A55B-DB18F539D403} = {231EE32B-EBA4-4FE5-A55B-DB18F539D403}
	EndProjectSection
EndProject
Project("{8BC9CEB8-8B4A-11D0-8D11-00A0C91BC942}") = "ubpf_user", "src\ebpf\libs\ubpf\user\ubpf_user.vcxproj", "{245F0EC7-1EBC-4D68-8B1F-F758EA9196AE}"
	ProjectSection(ProjectDependencies) = postProject
		{231EE32B-EBA4-4FE5-A55B-DB18F539D403} = {231EE32B-EBA4-4FE5-A55B-DB18F539D403}
	EndProjectSection
EndProject
Project("{8BC9CEB8-8B4A-11D0-8D11-00A0C91BC942}") = "api", "src\ebpf\libs\api\api.vcxproj", "{C8BF60C3-40A9-43AD-891A-8AA34F1C3A68}"
	ProjectSection(ProjectDependencies) = postProject
		{231EE32B-EBA4-4FE5-A55B-DB18F539D403} = {231EE32B-EBA4-4FE5-A55B-DB18F539D403}
	EndProjectSection
EndProject
Project("{2150E333-8FDC-42A3-9474-1A3956D46DE8}") = "dlls", "dlls", "{6129CA61-41A8-49B8-9694-B953C38570BD}"
EndProject
Project("{2150E333-8FDC-42A3-9474-1A3956D46DE8}") = "tools", "tools", "{B09749EC-3D14-414B-BA9B-CD20E218DC84}"
EndProject
Project("{8BC9CEB8-8B4A-11D0-8D11-00A0C91BC942}") = "dnsflood", "src\tools\dnsflood\dnsflood.vcxproj", "{21236F4F-341C-454F-B55B-C653897AB3E8}"
	ProjectSection(ProjectDependencies) = postProject
		{231EE32B-EBA4-4FE5-A55B-DB18F539D403} = {231EE32B-EBA4-4FE5-A55B-DB18F539D403}
	EndProjectSection
EndProject
Project("{2150E333-8FDC-42A3-9474-1A3956D46DE8}") = "test", "test", "{492C9B22-9237-4996-9E33-CA14D3533616}"
EndProject
Project("{8BC9CEB8-8B4A-11D0-8D11-00A0C91BC942}") = "sample", "src\test\sample\sample.vcxproj", "{B4AD72E3-754E-40CA-9CEA-D3F2C9170E51}"
	ProjectSection(ProjectDependencies) = postProject
		{231EE32B-EBA4-4FE5-A55B-DB18F539D403} = {231EE32B-EBA4-4FE5-A55B-DB18F539D403}
	EndProjectSection
EndProject
Project("{8BC9CEB8-8B4A-11D0-8D11-00A0C91BC942}") = "setup_build", "scripts\setup_build\setup_build.vcxproj", "{231EE32B-EBA4-4FE5-A55B-DB18F539D403}"
EndProject
Global
	GlobalSection(SolutionConfigurationPlatforms) = preSolution
		Debug|x64 = Debug|x64
		MinSizeRel|x64 = MinSizeRel|x64
		Release|x64 = Release|x64
		RelWithDebInfo|x64 = RelWithDebInfo|x64
	EndGlobalSection
	GlobalSection(ProjectConfigurationPlatforms) = postSolution
		{18127B0D-8381-4AFE-9A3A-CF53241992D3}.Debug|x64.ActiveCfg = Debug|x64
		{18127B0D-8381-4AFE-9A3A-CF53241992D3}.Debug|x64.Build.0 = Debug|x64
		{18127B0D-8381-4AFE-9A3A-CF53241992D3}.MinSizeRel|x64.ActiveCfg = Debug|x64
		{18127B0D-8381-4AFE-9A3A-CF53241992D3}.MinSizeRel|x64.Build.0 = Debug|x64
		{18127B0D-8381-4AFE-9A3A-CF53241992D3}.Release|x64.ActiveCfg = Release|x64
		{18127B0D-8381-4AFE-9A3A-CF53241992D3}.Release|x64.Build.0 = Release|x64
		{18127B0D-8381-4AFE-9A3A-CF53241992D3}.RelWithDebInfo|x64.ActiveCfg = Release|x64
		{18127B0D-8381-4AFE-9A3A-CF53241992D3}.RelWithDebInfo|x64.Build.0 = Release|x64
		{245F0EC7-1EBC-4D68-8B1F-F758EA9196AE}.Debug|x64.ActiveCfg = Debug|x64
		{245F0EC7-1EBC-4D68-8B1F-F758EA9196AE}.Debug|x64.Build.0 = Debug|x64
		{245F0EC7-1EBC-4D68-8B1F-F758EA9196AE}.MinSizeRel|x64.ActiveCfg = Debug|x64
		{245F0EC7-1EBC-4D68-8B1F-F758EA9196AE}.MinSizeRel|x64.Build.0 = Debug|x64
		{245F0EC7-1EBC-4D68-8B1F-F758EA9196AE}.Release|x64.ActiveCfg = Release|x64
		{245F0EC7-1EBC-4D68-8B1F-F758EA9196AE}.Release|x64.Build.0 = Release|x64
		{245F0EC7-1EBC-4D68-8B1F-F758EA9196AE}.RelWithDebInfo|x64.ActiveCfg = Release|x64
		{245F0EC7-1EBC-4D68-8B1F-F758EA9196AE}.RelWithDebInfo|x64.Build.0 = Release|x64
		{C8BF60C3-40A9-43AD-891A-8AA34F1C3A68}.Debug|x64.ActiveCfg = Debug|x64
		{C8BF60C3-40A9-43AD-891A-8AA34F1C3A68}.Debug|x64.Build.0 = Debug|x64
		{C8BF60C3-40A9-43AD-891A-8AA34F1C3A68}.MinSizeRel|x64.ActiveCfg = Debug|x64
		{C8BF60C3-40A9-43AD-891A-8AA34F1C3A68}.MinSizeRel|x64.Build.0 = Debug|x64
		{C8BF60C3-40A9-43AD-891A-8AA34F1C3A68}.Release|x64.ActiveCfg = Release|x64
		{C8BF60C3-40A9-43AD-891A-8AA34F1C3A68}.Release|x64.Build.0 = Release|x64
		{C8BF60C3-40A9-43AD-891A-8AA34F1C3A68}.RelWithDebInfo|x64.ActiveCfg = Release|x64
		{C8BF60C3-40A9-43AD-891A-8AA34F1C3A68}.RelWithDebInfo|x64.Build.0 = Release|x64
		{21236F4F-341C-454F-B55B-C653897AB3E8}.Debug|x64.ActiveCfg = Debug|x64
		{21236F4F-341C-454F-B55B-C653897AB3E8}.Debug|x64.Build.0 = Debug|x64
		{21236F4F-341C-454F-B55B-C653897AB3E8}.MinSizeRel|x64.ActiveCfg = Debug|x64
		{21236F4F-341C-454F-B55B-C653897AB3E8}.MinSizeRel|x64.Build.0 = Debug|x64
		{21236F4F-341C-454F-B55B-C653897AB3E8}.Release|x64.ActiveCfg = Release|x64
		{21236F4F-341C-454F-B55B-C653897AB3E8}.Release|x64.Build.0 = Release|x64
		{21236F4F-341C-454F-B55B-C653897AB3E8}.RelWithDebInfo|x64.ActiveCfg = Release|x64
		{21236F4F-341C-454F-B55B-C653897AB3E8}.RelWithDebInfo|x64.Build.0 = Release|x64
		{B4AD72E3-754E-40CA-9CEA-D3F2C9170E51}.Debug|x64.ActiveCfg = Debug|x64
		{B4AD72E3-754E-40CA-9CEA-D3F2C9170E51}.Debug|x64.Build.0 = Debug|x64
		{B4AD72E3-754E-40CA-9CEA-D3F2C9170E51}.MinSizeRel|x64.ActiveCfg = Debug|x64
		{B4AD72E3-754E-40CA-9CEA-D3F2C9170E51}.MinSizeRel|x64.Build.0 = Debug|x64
		{B4AD72E3-754E-40CA-9CEA-D3F2C9170E51}.Release|x64.ActiveCfg = Release|x64
		{B4AD72E3-754E-40CA-9CEA-D3F2C9170E51}.Release|x64.Build.0 = Release|x64
		{B4AD72E3-754E-40CA-9CEA-D3F2C9170E51}.RelWithDebInfo|x64.ActiveCfg = Release|x64
		{B4AD72E3-754E-40CA-9CEA-D3F2C9170E51}.RelWithDebInfo|x64.Build.0 = Release|x64
		{231EE32B-EBA4-4FE5-A55B-DB18F539D403}.Debug|x64.ActiveCfg = Debug|x64
		{231EE32B-EBA4-4FE5-A55B-DB18F539D403}.Debug|x64.Build.0 = Debug|x64
		{231EE32B-EBA4-4FE5-A55B-DB18F539D403}.MinSizeRel|x64.ActiveCfg = Debug|x64
		{231EE32B-EBA4-4FE5-A55B-DB18F539D403}.MinSizeRel|x64.Build.0 = Debug|x64
		{231EE32B-EBA4-4FE5-A55B-DB18F539D403}.Release|x64.ActiveCfg = Release|x64
		{231EE32B-EBA4-4FE5-A55B-DB18F539D403}.Release|x64.Build.0 = Release|x64
		{231EE32B-EBA4-4FE5-A55B-DB18F539D403}.RelWithDebInfo|x64.ActiveCfg = Release|x64
		{231EE32B-EBA4-4FE5-A55B-DB18F539D403}.RelWithDebInfo|x64.Build.0 = Release|x64
	EndGlobalSection
	GlobalSection(SolutionProperties) = preSolution
		HideSolutionNode = FALSE
	EndGlobalSection
	GlobalSection(NestedProjects) = preSolution
		{69CDB6A1-434D-4BC9-9BFF-D12DF7EDBB6B} = {B02E60AE-1254-459C-8824-AC6CDB6AE52E}
		{18127B0D-8381-4AFE-9A3A-CF53241992D3} = {69CDB6A1-434D-4BC9-9BFF-D12DF7EDBB6B}
		{245F0EC7-1EBC-4D68-8B1F-F758EA9196AE} = {69CDB6A1-434D-4BC9-9BFF-D12DF7EDBB6B}
		{C8BF60C3-40A9-43AD-891A-8AA34F1C3A68} = {69CDB6A1-434D-4BC9-9BFF-D12DF7EDBB6B}
		{21236F4F-341C-454F-B55B-C653897AB3E8} = {B09749EC-3D14-414B-BA9B-CD20E218DC84}
		{B4AD72E3-754E-40CA-9CEA-D3F2C9170E51} = {492C9B22-9237-4996-9E33-CA14D3533616}
		{231EE32B-EBA4-4FE5-A55B-DB18F539D403} = {B09749EC-3D14-414B-BA9B-CD20E218DC84}
	EndGlobalSection
	GlobalSection(ExtensibilityGlobals) = postSolution
		SolutionGuid = {3D5F862D-74C6-4357-9F95-0B152E33B7B8}
	EndGlobalSection
EndGlobal
