
Microsoft Visual Studio Solution File, Format Version 12.00
# Visual Studio Version 16
VisualStudioVersion = 16.0.30907.101
MinimumVisualStudioVersion = 10.0.40219.1
Project("{2150E333-8FDC-42A3-9474-1A3956D46DE8}") = "libs", "libs", "{B02E60AE-1254-459C-8824-AC6CDB6AE52E}"
EndProject
Project("{2150E333-8FDC-42A3-9474-1A3956D46DE8}") = "kernel", "kernel", "{7C2E30D9-E07F-4913-BD8A-345B38F18A81}"
EndProject
Project("{8BC9CEB8-8B4A-11D0-8D11-00A0C91BC942}") = "ubpf_kernel", "src\ebpf\libs\ubpf\kernel\ubpf_kernel.vcxproj", "{675B59F8-089E-40B5-8388-56254447CFA3}"
EndProject
Project("{8BC9CEB8-8B4A-11D0-8D11-00A0C91BC942}") = "execution_context_kernel", "src\ebpf\libs\execution_context\kernel\execution_context_kernel.vcxproj", "{26E7ED0B-C128-4D7C-A90E-C246DEF40AD3}"
EndProject
Project("{2150E333-8FDC-42A3-9474-1A3956D46DE8}") = "driver", "driver", "{97D3096A-20FB-4ACB-A038-88E652FE61E3}"
EndProject
Project("{8BC9CEB8-8B4A-11D0-8D11-00A0C91BC942}") = "EbpfCore", "src\ebpf\sys\EbpfCore.vcxproj", "{97E52ABB-2F1E-4AD2-AEFD-6EB7FDC0A41D}"
EndProject
Global
	GlobalSection(SolutionConfigurationPlatforms) = preSolution
		Debug|ARM = Debug|ARM
		Debug|ARM64 = Debug|ARM64
		Debug|x64 = Debug|x64
		Debug|x86 = Debug|x86
		MinSizeRel|ARM = MinSizeRel|ARM
		MinSizeRel|ARM64 = MinSizeRel|ARM64
		MinSizeRel|x64 = MinSizeRel|x64
		MinSizeRel|x86 = MinSizeRel|x86
		Release|ARM = Release|ARM
		Release|ARM64 = Release|ARM64
		Release|x64 = Release|x64
		Release|x86 = Release|x86
		RelWithDebInfo|ARM = RelWithDebInfo|ARM
		RelWithDebInfo|ARM64 = RelWithDebInfo|ARM64
		RelWithDebInfo|x64 = RelWithDebInfo|x64
		RelWithDebInfo|x86 = RelWithDebInfo|x86
	EndGlobalSection
	GlobalSection(ProjectConfigurationPlatforms) = postSolution
		{675B59F8-089E-40B5-8388-56254447CFA3}.Debug|ARM.ActiveCfg = Debug|ARM
		{675B59F8-089E-40B5-8388-56254447CFA3}.Debug|ARM.Build.0 = Debug|ARM
		{675B59F8-089E-40B5-8388-56254447CFA3}.Debug|ARM.Deploy.0 = Debug|ARM
		{675B59F8-089E-40B5-8388-56254447CFA3}.Debug|ARM64.ActiveCfg = Debug|ARM64
		{675B59F8-089E-40B5-8388-56254447CFA3}.Debug|ARM64.Build.0 = Debug|ARM64
		{675B59F8-089E-40B5-8388-56254447CFA3}.Debug|ARM64.Deploy.0 = Debug|ARM64
		{675B59F8-089E-40B5-8388-56254447CFA3}.Debug|x64.ActiveCfg = Debug|x64
		{675B59F8-089E-40B5-8388-56254447CFA3}.Debug|x64.Build.0 = Debug|x64
		{675B59F8-089E-40B5-8388-56254447CFA3}.Debug|x64.Deploy.0 = Debug|x64
		{675B59F8-089E-40B5-8388-56254447CFA3}.Debug|x86.ActiveCfg = Debug|Win32
		{675B59F8-089E-40B5-8388-56254447CFA3}.Debug|x86.Build.0 = Debug|Win32
		{675B59F8-089E-40B5-8388-56254447CFA3}.Debug|x86.Deploy.0 = Debug|Win32
		{675B59F8-089E-40B5-8388-56254447CFA3}.MinSizeRel|ARM.ActiveCfg = Debug|ARM
		{675B59F8-089E-40B5-8388-56254447CFA3}.MinSizeRel|ARM.Build.0 = Debug|ARM
		{675B59F8-089E-40B5-8388-56254447CFA3}.MinSizeRel|ARM.Deploy.0 = Debug|ARM
		{675B59F8-089E-40B5-8388-56254447CFA3}.MinSizeRel|ARM64.ActiveCfg = Debug|ARM64
		{675B59F8-089E-40B5-8388-56254447CFA3}.MinSizeRel|ARM64.Build.0 = Debug|ARM64
		{675B59F8-089E-40B5-8388-56254447CFA3}.MinSizeRel|ARM64.Deploy.0 = Debug|ARM64
		{675B59F8-089E-40B5-8388-56254447CFA3}.MinSizeRel|x64.ActiveCfg = Debug|x64
		{675B59F8-089E-40B5-8388-56254447CFA3}.MinSizeRel|x64.Build.0 = Debug|x64
		{675B59F8-089E-40B5-8388-56254447CFA3}.MinSizeRel|x64.Deploy.0 = Debug|x64
		{675B59F8-089E-40B5-8388-56254447CFA3}.MinSizeRel|x86.ActiveCfg = Debug|Win32
		{675B59F8-089E-40B5-8388-56254447CFA3}.MinSizeRel|x86.Build.0 = Debug|Win32
		{675B59F8-089E-40B5-8388-56254447CFA3}.MinSizeRel|x86.Deploy.0 = Debug|Win32
		{675B59F8-089E-40B5-8388-56254447CFA3}.Release|ARM.ActiveCfg = Release|ARM
		{675B59F8-089E-40B5-8388-56254447CFA3}.Release|ARM.Build.0 = Release|ARM
		{675B59F8-089E-40B5-8388-56254447CFA3}.Release|ARM.Deploy.0 = Release|ARM
		{675B59F8-089E-40B5-8388-56254447CFA3}.Release|ARM64.ActiveCfg = Release|ARM64
		{675B59F8-089E-40B5-8388-56254447CFA3}.Release|ARM64.Build.0 = Release|ARM64
		{675B59F8-089E-40B5-8388-56254447CFA3}.Release|ARM64.Deploy.0 = Release|ARM64
		{675B59F8-089E-40B5-8388-56254447CFA3}.Release|x64.ActiveCfg = Release|x64
		{675B59F8-089E-40B5-8388-56254447CFA3}.Release|x64.Build.0 = Release|x64
		{675B59F8-089E-40B5-8388-56254447CFA3}.Release|x64.Deploy.0 = Release|x64
		{675B59F8-089E-40B5-8388-56254447CFA3}.Release|x86.ActiveCfg = Release|Win32
		{675B59F8-089E-40B5-8388-56254447CFA3}.Release|x86.Build.0 = Release|Win32
		{675B59F8-089E-40B5-8388-56254447CFA3}.Release|x86.Deploy.0 = Release|Win32
		{675B59F8-089E-40B5-8388-56254447CFA3}.RelWithDebInfo|ARM.ActiveCfg = Release|ARM
		{675B59F8-089E-40B5-8388-56254447CFA3}.RelWithDebInfo|ARM.Build.0 = Release|ARM
		{675B59F8-089E-40B5-8388-56254447CFA3}.RelWithDebInfo|ARM.Deploy.0 = Release|ARM
		{675B59F8-089E-40B5-8388-56254447CFA3}.RelWithDebInfo|ARM64.ActiveCfg = Release|ARM64
		{675B59F8-089E-40B5-8388-56254447CFA3}.RelWithDebInfo|ARM64.Build.0 = Release|ARM64
		{675B59F8-089E-40B5-8388-56254447CFA3}.RelWithDebInfo|ARM64.Deploy.0 = Release|ARM64
		{675B59F8-089E-40B5-8388-56254447CFA3}.RelWithDebInfo|x64.ActiveCfg = Release|x64
		{675B59F8-089E-40B5-8388-56254447CFA3}.RelWithDebInfo|x64.Build.0 = Release|x64
		{675B59F8-089E-40B5-8388-56254447CFA3}.RelWithDebInfo|x64.Deploy.0 = Release|x64
		{675B59F8-089E-40B5-8388-56254447CFA3}.RelWithDebInfo|x86.ActiveCfg = Release|Win32
		{675B59F8-089E-40B5-8388-56254447CFA3}.RelWithDebInfo|x86.Build.0 = Release|Win32
		{675B59F8-089E-40B5-8388-56254447CFA3}.RelWithDebInfo|x86.Deploy.0 = Release|Win32
		{26E7ED0B-C128-4D7C-A90E-C246DEF40AD3}.Debug|ARM.ActiveCfg = Debug|ARM
		{26E7ED0B-C128-4D7C-A90E-C246DEF40AD3}.Debug|ARM.Build.0 = Debug|ARM
		{26E7ED0B-C128-4D7C-A90E-C246DEF40AD3}.Debug|ARM.Deploy.0 = Debug|ARM
		{26E7ED0B-C128-4D7C-A90E-C246DEF40AD3}.Debug|ARM64.ActiveCfg = Debug|ARM64
		{26E7ED0B-C128-4D7C-A90E-C246DEF40AD3}.Debug|ARM64.Build.0 = Debug|ARM64
		{26E7ED0B-C128-4D7C-A90E-C246DEF40AD3}.Debug|ARM64.Deploy.0 = Debug|ARM64
		{26E7ED0B-C128-4D7C-A90E-C246DEF40AD3}.Debug|x64.ActiveCfg = Debug|x64
		{26E7ED0B-C128-4D7C-A90E-C246DEF40AD3}.Debug|x64.Build.0 = Debug|x64
		{26E7ED0B-C128-4D7C-A90E-C246DEF40AD3}.Debug|x64.Deploy.0 = Debug|x64
		{26E7ED0B-C128-4D7C-A90E-C246DEF40AD3}.Debug|x86.ActiveCfg = Debug|Win32
		{26E7ED0B-C128-4D7C-A90E-C246DEF40AD3}.Debug|x86.Build.0 = Debug|Win32
		{26E7ED0B-C128-4D7C-A90E-C246DEF40AD3}.Debug|x86.Deploy.0 = Debug|Win32
		{26E7ED0B-C128-4D7C-A90E-C246DEF40AD3}.MinSizeRel|ARM.ActiveCfg = Debug|ARM
		{26E7ED0B-C128-4D7C-A90E-C246DEF40AD3}.MinSizeRel|ARM.Build.0 = Debug|ARM
		{26E7ED0B-C128-4D7C-A90E-C246DEF40AD3}.MinSizeRel|ARM.Deploy.0 = Debug|ARM
		{26E7ED0B-C128-4D7C-A90E-C246DEF40AD3}.MinSizeRel|ARM64.ActiveCfg = Debug|ARM64
		{26E7ED0B-C128-4D7C-A90E-C246DEF40AD3}.MinSizeRel|ARM64.Build.0 = Debug|ARM64
		{26E7ED0B-C128-4D7C-A90E-C246DEF40AD3}.MinSizeRel|ARM64.Deploy.0 = Debug|ARM64
		{26E7ED0B-C128-4D7C-A90E-C246DEF40AD3}.MinSizeRel|x64.ActiveCfg = Debug|x64
		{26E7ED0B-C128-4D7C-A90E-C246DEF40AD3}.MinSizeRel|x64.Build.0 = Debug|x64
		{26E7ED0B-C128-4D7C-A90E-C246DEF40AD3}.MinSizeRel|x64.Deploy.0 = Debug|x64
		{26E7ED0B-C128-4D7C-A90E-C246DEF40AD3}.MinSizeRel|x86.ActiveCfg = Debug|Win32
		{26E7ED0B-C128-4D7C-A90E-C246DEF40AD3}.MinSizeRel|x86.Build.0 = Debug|Win32
		{26E7ED0B-C128-4D7C-A90E-C246DEF40AD3}.MinSizeRel|x86.Deploy.0 = Debug|Win32
		{26E7ED0B-C128-4D7C-A90E-C246DEF40AD3}.Release|ARM.ActiveCfg = Release|ARM
		{26E7ED0B-C128-4D7C-A90E-C246DEF40AD3}.Release|ARM.Build.0 = Release|ARM
		{26E7ED0B-C128-4D7C-A90E-C246DEF40AD3}.Release|ARM.Deploy.0 = Release|ARM
		{26E7ED0B-C128-4D7C-A90E-C246DEF40AD3}.Release|ARM64.ActiveCfg = Release|ARM64
		{26E7ED0B-C128-4D7C-A90E-C246DEF40AD3}.Release|ARM64.Build.0 = Release|ARM64
		{26E7ED0B-C128-4D7C-A90E-C246DEF40AD3}.Release|ARM64.Deploy.0 = Release|ARM64
		{26E7ED0B-C128-4D7C-A90E-C246DEF40AD3}.Release|x64.ActiveCfg = Release|x64
		{26E7ED0B-C128-4D7C-A90E-C246DEF40AD3}.Release|x64.Build.0 = Release|x64
		{26E7ED0B-C128-4D7C-A90E-C246DEF40AD3}.Release|x64.Deploy.0 = Release|x64
		{26E7ED0B-C128-4D7C-A90E-C246DEF40AD3}.Release|x86.ActiveCfg = Release|Win32
		{26E7ED0B-C128-4D7C-A90E-C246DEF40AD3}.Release|x86.Build.0 = Release|Win32
		{26E7ED0B-C128-4D7C-A90E-C246DEF40AD3}.Release|x86.Deploy.0 = Release|Win32
		{26E7ED0B-C128-4D7C-A90E-C246DEF40AD3}.RelWithDebInfo|ARM.ActiveCfg = Release|ARM
		{26E7ED0B-C128-4D7C-A90E-C246DEF40AD3}.RelWithDebInfo|ARM.Build.0 = Release|ARM
		{26E7ED0B-C128-4D7C-A90E-C246DEF40AD3}.RelWithDebInfo|ARM.Deploy.0 = Release|ARM
		{26E7ED0B-C128-4D7C-A90E-C246DEF40AD3}.RelWithDebInfo|ARM64.ActiveCfg = Release|ARM64
		{26E7ED0B-C128-4D7C-A90E-C246DEF40AD3}.RelWithDebInfo|ARM64.Build.0 = Release|ARM64
		{26E7ED0B-C128-4D7C-A90E-C246DEF40AD3}.RelWithDebInfo|ARM64.Deploy.0 = Release|ARM64
		{26E7ED0B-C128-4D7C-A90E-C246DEF40AD3}.RelWithDebInfo|x64.ActiveCfg = Release|x64
		{26E7ED0B-C128-4D7C-A90E-C246DEF40AD3}.RelWithDebInfo|x64.Build.0 = Release|x64
		{26E7ED0B-C128-4D7C-A90E-C246DEF40AD3}.RelWithDebInfo|x64.Deploy.0 = Release|x64
		{26E7ED0B-C128-4D7C-A90E-C246DEF40AD3}.RelWithDebInfo|x86.ActiveCfg = Release|Win32
		{26E7ED0B-C128-4D7C-A90E-C246DEF40AD3}.RelWithDebInfo|x86.Build.0 = Release|Win32
		{26E7ED0B-C128-4D7C-A90E-C246DEF40AD3}.RelWithDebInfo|x86.Deploy.0 = Release|Win32
		{97E52ABB-2F1E-4AD2-AEFD-6EB7FDC0A41D}.Debug|ARM.ActiveCfg = Debug|ARM
		{97E52ABB-2F1E-4AD2-AEFD-6EB7FDC0A41D}.Debug|ARM.Build.0 = Debug|ARM
		{97E52ABB-2F1E-4AD2-AEFD-6EB7FDC0A41D}.Debug|ARM.Deploy.0 = Debug|ARM
		{97E52ABB-2F1E-4AD2-AEFD-6EB7FDC0A41D}.Debug|ARM64.ActiveCfg = Debug|ARM64
		{97E52ABB-2F1E-4AD2-AEFD-6EB7FDC0A41D}.Debug|ARM64.Build.0 = Debug|ARM64
		{97E52ABB-2F1E-4AD2-AEFD-6EB7FDC0A41D}.Debug|ARM64.Deploy.0 = Debug|ARM64
		{97E52ABB-2F1E-4AD2-AEFD-6EB7FDC0A41D}.Debug|x64.ActiveCfg = Debug|x64
		{97E52ABB-2F1E-4AD2-AEFD-6EB7FDC0A41D}.Debug|x64.Build.0 = Debug|x64
		{97E52ABB-2F1E-4AD2-AEFD-6EB7FDC0A41D}.Debug|x64.Deploy.0 = Debug|x64
		{97E52ABB-2F1E-4AD2-AEFD-6EB7FDC0A41D}.Debug|x86.ActiveCfg = Debug|Win32
		{97E52ABB-2F1E-4AD2-AEFD-6EB7FDC0A41D}.Debug|x86.Build.0 = Debug|Win32
		{97E52ABB-2F1E-4AD2-AEFD-6EB7FDC0A41D}.Debug|x86.Deploy.0 = Debug|Win32
		{97E52ABB-2F1E-4AD2-AEFD-6EB7FDC0A41D}.MinSizeRel|ARM.ActiveCfg = Debug|ARM
		{97E52ABB-2F1E-4AD2-AEFD-6EB7FDC0A41D}.MinSizeRel|ARM.Build.0 = Debug|ARM
		{97E52ABB-2F1E-4AD2-AEFD-6EB7FDC0A41D}.MinSizeRel|ARM.Deploy.0 = Debug|ARM
		{97E52ABB-2F1E-4AD2-AEFD-6EB7FDC0A41D}.MinSizeRel|ARM64.ActiveCfg = Debug|ARM64
		{97E52ABB-2F1E-4AD2-AEFD-6EB7FDC0A41D}.MinSizeRel|ARM64.Build.0 = Debug|ARM64
		{97E52ABB-2F1E-4AD2-AEFD-6EB7FDC0A41D}.MinSizeRel|ARM64.Deploy.0 = Debug|ARM64
		{97E52ABB-2F1E-4AD2-AEFD-6EB7FDC0A41D}.MinSizeRel|x64.ActiveCfg = Debug|x64
		{97E52ABB-2F1E-4AD2-AEFD-6EB7FDC0A41D}.MinSizeRel|x64.Build.0 = Debug|x64
		{97E52ABB-2F1E-4AD2-AEFD-6EB7FDC0A41D}.MinSizeRel|x64.Deploy.0 = Debug|x64
		{97E52ABB-2F1E-4AD2-AEFD-6EB7FDC0A41D}.MinSizeRel|x86.ActiveCfg = Debug|Win32
		{97E52ABB-2F1E-4AD2-AEFD-6EB7FDC0A41D}.MinSizeRel|x86.Build.0 = Debug|Win32
		{97E52ABB-2F1E-4AD2-AEFD-6EB7FDC0A41D}.MinSizeRel|x86.Deploy.0 = Debug|Win32
		{97E52ABB-2F1E-4AD2-AEFD-6EB7FDC0A41D}.Release|ARM.ActiveCfg = Release|ARM
		{97E52ABB-2F1E-4AD2-AEFD-6EB7FDC0A41D}.Release|ARM.Build.0 = Release|ARM
		{97E52ABB-2F1E-4AD2-AEFD-6EB7FDC0A41D}.Release|ARM.Deploy.0 = Release|ARM
		{97E52ABB-2F1E-4AD2-AEFD-6EB7FDC0A41D}.Release|ARM64.ActiveCfg = Release|ARM64
		{97E52ABB-2F1E-4AD2-AEFD-6EB7FDC0A41D}.Release|ARM64.Build.0 = Release|ARM64
		{97E52ABB-2F1E-4AD2-AEFD-6EB7FDC0A41D}.Release|ARM64.Deploy.0 = Release|ARM64
		{97E52ABB-2F1E-4AD2-AEFD-6EB7FDC0A41D}.Release|x64.ActiveCfg = Release|x64
		{97E52ABB-2F1E-4AD2-AEFD-6EB7FDC0A41D}.Release|x64.Build.0 = Release|x64
		{97E52ABB-2F1E-4AD2-AEFD-6EB7FDC0A41D}.Release|x64.Deploy.0 = Release|x64
		{97E52ABB-2F1E-4AD2-AEFD-6EB7FDC0A41D}.Release|x86.ActiveCfg = Release|Win32
		{97E52ABB-2F1E-4AD2-AEFD-6EB7FDC0A41D}.Release|x86.Build.0 = Release|Win32
		{97E52ABB-2F1E-4AD2-AEFD-6EB7FDC0A41D}.Release|x86.Deploy.0 = Release|Win32
		{97E52ABB-2F1E-4AD2-AEFD-6EB7FDC0A41D}.RelWithDebInfo|ARM.ActiveCfg = Release|ARM
		{97E52ABB-2F1E-4AD2-AEFD-6EB7FDC0A41D}.RelWithDebInfo|ARM.Build.0 = Release|ARM
		{97E52ABB-2F1E-4AD2-AEFD-6EB7FDC0A41D}.RelWithDebInfo|ARM.Deploy.0 = Release|ARM
		{97E52ABB-2F1E-4AD2-AEFD-6EB7FDC0A41D}.RelWithDebInfo|ARM64.ActiveCfg = Release|ARM64
		{97E52ABB-2F1E-4AD2-AEFD-6EB7FDC0A41D}.RelWithDebInfo|ARM64.Build.0 = Release|ARM64
		{97E52ABB-2F1E-4AD2-AEFD-6EB7FDC0A41D}.RelWithDebInfo|ARM64.Deploy.0 = Release|ARM64
		{97E52ABB-2F1E-4AD2-AEFD-6EB7FDC0A41D}.RelWithDebInfo|x64.ActiveCfg = Release|x64
		{97E52ABB-2F1E-4AD2-AEFD-6EB7FDC0A41D}.RelWithDebInfo|x64.Build.0 = Release|x64
		{97E52ABB-2F1E-4AD2-AEFD-6EB7FDC0A41D}.RelWithDebInfo|x64.Deploy.0 = Release|x64
		{97E52ABB-2F1E-4AD2-AEFD-6EB7FDC0A41D}.RelWithDebInfo|x86.ActiveCfg = Release|Win32
		{97E52ABB-2F1E-4AD2-AEFD-6EB7FDC0A41D}.RelWithDebInfo|x86.Build.0 = Release|Win32
		{97E52ABB-2F1E-4AD2-AEFD-6EB7FDC0A41D}.RelWithDebInfo|x86.Deploy.0 = Release|Win32
	EndGlobalSection
	GlobalSection(SolutionProperties) = preSolution
		HideSolutionNode = FALSE
	EndGlobalSection
	GlobalSection(NestedProjects) = preSolution
		{7C2E30D9-E07F-4913-BD8A-345B38F18A81} = {B02E60AE-1254-459C-8824-AC6CDB6AE52E}
		{675B59F8-089E-40B5-8388-56254447CFA3} = {7C2E30D9-E07F-4913-BD8A-345B38F18A81}
		{26E7ED0B-C128-4D7C-A90E-C246DEF40AD3} = {7C2E30D9-E07F-4913-BD8A-345B38F18A81}
		{97E52ABB-2F1E-4AD2-AEFD-6EB7FDC0A41D} = {97D3096A-20FB-4ACB-A038-88E652FE61E3}
	EndGlobalSection
	GlobalSection(ExtensibilityGlobals) = postSolution
		SolutionGuid = {3D5F862D-74C6-4357-9F95-0B152E33B7B8}
	EndGlobalSection
EndGlobal
