<?xml version="1.0" encoding="utf-8"?>
<Project ToolsVersion="4.0" xmlns="http://schemas.microsoft.com/developer/msbuild/2003">
  <ItemGroup>
    <Filter Include="Generated Files">
      <UniqueIdentifier>{d6bcc5f3-1d8c-4075-a6d6-4eb70719ec47}</UniqueIdentifier>
    </Filter>
    <Filter Include="Source Files">
      <UniqueIdentifier>{83b531df-6cdf-437c-9097-60c4d7a5753d}</UniqueIdentifier>
      <Extensions>cpp;c;edl;def;</Extensions>
    </Filter>
    <Filter Include="Header Files">
      <UniqueIdentifier>{b3972ae7-4530-4053-95bf-8613b2cee28b}</UniqueIdentifier>
      <Extensions>h;hpp;</Extensions>
    </Filter>
    <Filter Include="Resource Files">
      <UniqueIdentifier>{568e4245-8d0c-41f9-b1d2-32951c9a1a96}</UniqueIdentifier>
      <Extensions>rc;xml;pem;</Extensions>
    </Filter>
  </ItemGroup>
  <ItemGroup>
    <ClInclude Include="EbpfEnclave_args.h">
      <Filter>Generated Files</Filter>
    </ClInclude>
    <ClInclude Include="EbpfEnclave_t.h">
      <Filter>Generated Files</Filter>
    </ClInclude>
    <ClInclude Include="secure_channel.h">
      <Filter>Header Files</Filter>
    </ClInclude>
    <ClInclude Include="log.h">
      <Filter>Header Files</Filter>
    </ClInclude>
  </ItemGroup>
  <ItemGroup>
    <None Include="EbpfEnclave_private.pem">
      <Filter>Resource Files</Filter>
    </None>
    <None Include="packages.config" />
  </ItemGroup>
  <ItemGroup>
    <None Include="optee/uuids.reg">
      <Filter>Resource Files</Filter>
    </None>
  </ItemGroup>
  <ItemGroup>
    <None Include="EbpfEnclave.Debug.conf">
      <Filter>Resource Files</Filter>
    </None>
  </ItemGroup>
  <ItemGroup>
    <None Include="EbpfEnclave.Release.conf">
      <Filter>Resource Files</Filter>
    </None>
  </ItemGroup>
  <ItemGroup>
    <EdlItem Include="EbpfEnclave.edl">
      <Filter>Source Files</Filter>
    </EdlItem>
  </ItemGroup>
  <ItemGroup>
    <ClCompile Include="EbpfEnclave_ecalls.c">
      <Filter>Source Files</Filter>
    </ClCompile>
    <ClCompile Include="EbpfEnclave_t.c">
      <Filter>Source Files</Filter>
    </ClCompile>
    <ClCompile Include="..\..\ubpf\vm\ubpf_jit_x86_64.c">
      <Filter>Source Files</Filter>
    </ClCompile>
    <ClCompile Include="..\..\ubpf\vm\ubpf_vm.c">
      <Filter>Source Files</Filter>
    </ClCompile>
    <ClCompile Include="secure_channel.c">
      <Filter>Source Files</Filter>
    </ClCompile>
  </ItemGroup>
</Project>