<?xml version="1.0" encoding="utf-8"?>
<!--
  Copyright (c) eBPF for Windows contributors
  SPDX-License-Identifier: MIT
-->
<Project ToolsVersion="4.0" xmlns="http://schemas.microsoft.com/developer/msbuild/2003">
  <ItemGroup>
    <Filter Include="Source Files">
      <UniqueIdentifier>{4FC737F1-C7A5-4376-A066-2A32D752A2FF}</UniqueIdentifier>
      <Extensions>cpp;c;cc;cxx;c++;cppm;ixx;def;odl;idl;hpj;bat;asm;asmx</Extensions>
    </Filter>
    <Filter Include="Header Files">
      <UniqueIdentifier>{93995380-89BD-4b04-88EB-625FBE52EBFB}</UniqueIdentifier>
      <Extensions>h;hh;hpp;hxx;h++;hm;inl;inc;ipp;xsd</Extensions>
    </Filter>
    <Filter Include="Resource Files">
      <UniqueIdentifier>{67DA6AB6-F800-4c08-8B7A-83BB121AAD01}</UniqueIdentifier>
      <Extensions>rc;ico;cur;bmp;dlg;rc2;rct;bin;rgs;gif;jpg;jpeg;jpe;resx;tiff;tif;png;wav;mfcribbon-ms</Extensions>
    </Filter>
  </ItemGroup>
  <ItemGroup>
    <ClCompile Include="..\ebpf_hash_table.c">
      <Filter>Source Files</Filter>
    </ClCompile>
    <ClCompile Include="..\ebpf_epoch.c">
      <Filter>Source Files</Filter>
    </ClCompile>
    <ClCompile Include="..\ebpf_hash_table.c">
      <Filter>Source Files</Filter>
    </ClCompile>
    <ClCompile Include="..\ebpf_object.c">
      <Filter>Source Files</Filter>
    </ClCompile>
    <ClCompile Include="..\ebpf_pinning_table.c">
      <Filter>Source Files</Filter>
    </ClCompile>
    <ClCompile Include="..\ebpf_trampoline.c">
      <Filter>Source Files</Filter>
    </ClCompile>
    <ClCompile Include="ebpf_handle_user.c">
      <Filter>Source Files</Filter>
    </ClCompile>
    <ClCompile Include="ebpf_platform_user.cpp">
      <Filter>Source Files</Filter>
    </ClCompile>
    <ClCompile Include="..\ebpf_state.c">
      <Filter>Source Files</Filter>
    </ClCompile>
    <ClCompile Include="..\ebpf_bitmap.c">
      <Filter>Source Files</Filter>
    </ClCompile>
    <ClCompile Include="..\ebpf_async.c">
      <Filter>Source Files</Filter>
    </ClCompile>
    <ClCompile Include="..\ebpf_ring_buffer.c">
      <Filter>Source Files</Filter>
    </ClCompile>
    <ClCompile Include="..\ebpf_error.c">
      <Filter>Source Files</Filter>
    </ClCompile>
    <ClCompile Include="ebpf_native_user.c">
      <Filter>Source Files</Filter>
    </ClCompile>
    <ClCompile Include="..\ebpf_interlocked.c">
      <Filter>Source Files</Filter>
    </ClCompile>
    <ClCompile Include="..\ebpf_crypto_hash.c">
      <Filter>Source Files</Filter>
    </ClCompile>
    <ClCompile Include="..\ebpf_platform.c">
      <Filter>Source Files</Filter>
    </ClCompile>
    <ClCompile Include="..\ebpf_random.c">
      <Filter>Source Files</Filter>
    </ClCompile>
    <ClCompile Include="..\..\shared\tracelog.c">
      <Filter>Source Files</Filter>
    </ClCompile>
    <ClCompile Include="..\ebpf_work_queue.c">
      <Filter>Source Files</Filter>
    </ClCompile>
  </ItemGroup>
  <ItemGroup>
    <ClInclude Include="..\ebpf_epoch.h">
      <Filter>Header Files</Filter>
    </ClInclude>
    <ClInclude Include="..\ebpf_handle.h">
      <Filter>Header Files</Filter>
    </ClInclude>
    <ClInclude Include="..\ebpf_object.h">
      <Filter>Header Files</Filter>
    </ClInclude>
    <ClInclude Include="..\ebpf_pinning_table.h">
      <Filter>Header Files</Filter>
    </ClInclude>
    <ClInclude Include="..\ebpf_platform.h">
      <Filter>Header Files</Filter>
    </ClInclude>
    <ClInclude Include="framework.h">
      <Filter>Header Files</Filter>
    </ClInclude>
    <ClInclude Include="..\ebpf_state.h">
      <Filter>Header Files</Filter>
    </ClInclude>
    <ClInclude Include="..\ebpf_bitmap.h">
      <Filter>Header Files</Filter>
    </ClInclude>
    <ClInclude Include="..\ebpf_async.h">
      <Filter>Header Files</Filter>
    </ClInclude>
    <ClInclude Include="..\ebpf_ring_buffer.h">
      <Filter>Header Files</Filter>
    </ClInclude>
    <ClInclude Include="..\ebpf_random.h">
      <Filter>Header Files</Filter>
    </ClInclude>
    <ClInclude Include="..\..\..\external\usersim\cxplat\inc\cxplat.h">
      <Filter>Header Files</Filter>
    </ClInclude>
    <ClInclude Include="..\ebpf_work_queue.h">
      <Filter>Header Files</Filter>
    </ClInclude>
  </ItemGroup>
</Project>
