<?xml version="1.0" encoding="utf-8"?>
<Project ToolsVersion="4.0" xmlns="http://schemas.microsoft.com/developer/msbuild/2003">
  <ItemGroup>
    <Filter Include="Source Files">
      <UniqueIdentifier>{4FC737F1-C7A5-4376-A066-2A32D752A2FF}</UniqueIdentifier>
      <Extensions>cpp;c;cc;cxx;c++;cppm;ixx;def;odl;idl;hpj;bat;asm;asmx</Extensions>
    </Filter>
    <Filter Include="Header Files">
      <UniqueIdentifier>{93995380-89BD-4b04-88EB-625FBE52EBFB}</UniqueIdentifier>
      <Extensions>h;hh;hpp;hxx;h++;hm;inl;inc;ipp;xsd</Extensions>
    </Filter>
    <Filter Include="Resource Files">
      <UniqueIdentifier>{67DA6AB6-F800-4c08-8B7A-83BB121AAD01}</UniqueIdentifier>
      <Extensions>rc;ico;cur;bmp;dlg;rc2;rct;bin;rgs;gif;jpg;jpeg;jpe;resx;tiff;tif;png;wav;mfcribbon-ms</Extensions>
    </Filter>
  </ItemGroup>
  <ItemGroup>
    <ClCompile Include="SecureChannelTest.cpp">
      <Filter>Source Files</Filter>
    </ClCompile>
    <ClCompile Include="..\secure_channel.c">
      <Filter>Source Files</Filter>
    </ClCompile>
    <ClCompile Include="helper\Crypto.cpp">
      <Filter>Source Files</Filter>
    </ClCompile>
    <ClCompile Include="helper\SspContextImpl.cpp">
      <Filter>Source Files</Filter>
    </ClCompile>
    <ClCompile Include="helper\SspCredentialImpl.cpp">
      <Filter>Source Files</Filter>
    </ClCompile>
    <ClCompile Include="helper\SspPackage.cpp">
      <Filter>Source Files</Filter>
    </ClCompile>
    <ClCompile Include="helper\X509.cpp">
      <Filter>Source Files</Filter>
    </ClCompile>
  </ItemGroup>
  <ItemGroup>
    <None Include="packages.config" />
  </ItemGroup>
  <ItemGroup>
    <ClInclude Include="helper\Crypto.h">
      <Filter>Header Files</Filter>
    </ClInclude>
    <ClInclude Include="helper\SspContext.h">
      <Filter>Header Files</Filter>
    </ClInclude>
    <ClInclude Include="helper\SspContextImpl.h">
      <Filter>Header Files</Filter>
    </ClInclude>
    <ClInclude Include="helper\SspCredential.h">
      <Filter>Header Files</Filter>
    </ClInclude>
    <ClInclude Include="helper\SspCredentialImpl.h">
      <Filter>Header Files</Filter>
    </ClInclude>
    <ClInclude Include="helper\SspPackage.h">
      <Filter>Header Files</Filter>
    </ClInclude>
    <ClInclude Include="helper\stdafx.h">
      <Filter>Header Files</Filter>
    </ClInclude>
    <ClInclude Include="helper\targetver.h">
      <Filter>Header Files</Filter>
    </ClInclude>
    <ClInclude Include="helper\UnwindHelper.h">
      <Filter>Header Files</Filter>
    </ClInclude>
    <ClInclude Include="helper\X509.h">
      <Filter>Header Files</Filter>
    </ClInclude>
  </ItemGroup>
</Project>