
Microsoft Visual Studio Solution File, Format Version 12.00
# Visual Studio Version 17
VisualStudioVersion = 17.6.33801.468
MinimumVisualStudioVersion = 10.0.40219.1
Project("{FAE04EC0-301F-11D3-BF4B-00C04F79EFBC}") = "eBpfExtension", "src\eBpfExtension.csproj", "{E3745213-9C1A-4B83-A6A0-606261539D7D}"
EndProject
Global
	GlobalSection(SolutionConfigurationPlatforms) = preSolution
		Razzle|Any CPU = Razzle|Any CPU
	EndGlobalSection
	GlobalSection(ProjectConfigurationPlatforms) = postSolution
		{E3745213-9C1A-4B83-A6A0-606261539D7D}.Razzle|Any CPU.ActiveCfg = Razzle|Any CPU
		{E3745213-9C1A-4B83-A6A0-606261539D7D}.Razzle|Any CPU.Build.0 = Razzle|Any CPU
	EndGlobalSection
	GlobalSection(SolutionProperties) = preSolution
		HideSolutionNode = FALSE
	EndGlobalSection
	GlobalSection(ExtensibilityGlobals) = postSolution
		SolutionGuid = {370BAC65-6FBF-4541-8024-6F96A28D2F96}
	EndGlobalSection
EndGlobal
