<?xml version="1.0" encoding="utf-8"?>
<!--
  Copyright (c) eBPF for Windows contributors
  SPDX-License-Identifier: MIT
-->
<Project ToolsVersion="4.0" xmlns="http://schemas.microsoft.com/developer/msbuild/2003">
  <ItemGroup>
    <ClCompile Include="capture_helper.cpp" />
    <ClCompile Include="ioctl_helper.cpp" />
    <ClCompile Include="netsh_helper.cpp" />
    <ClCompile Include="service_helper.cpp" />
    <ClCompile Include="socket_helper.cpp" />
    <ClCompile Include="program_helper.cpp" />
    <ClCompile Include="hash.cpp" />
    <ClCompile Include="native_helper.cpp" />
  </ItemGroup>
  <ItemGroup>
    <ClInclude Include="ioctl_helper.h" />
    <ClInclude Include="service_helper.h" />
    <ClInclude Include="socket_helper.h" />
    <ClInclude Include="program_helper.h" />
    <ClInclude Include="wer_report.hpp" />
    <ClInclude Include="hash.h" />
    <ClInclude Include="header.h" />
    <ClInclude Include="native_helper.hpp" />
  </ItemGroup>
</Project>
