
Microsoft Visual Studio Solution File, Format Version 12.00
# Visual Studio 15
VisualStudioVersion = 15.0.28307.779
MinimumVisualStudioVersion = 10.0.40219.1
Project("{FAE04EC0-301F-11D3-BF4B-00C04F79EFBC}") = "ClassLibrary", "ClassLibrary\ClassLibrary.csproj", "{A6583E93-FBE8-45B2-BA1E-532A65B60636}"
EndProject
Project("{FAE04EC0-301F-11D3-BF4B-00C04F79EFBC}") = "ClassLibrary.Tests", "ClassLibrary.Tests\ClassLibrary.Tests.csproj", "{ACAA5CF5-2D35-4082-820A-6BE892EE95D8}"
	ProjectSection(ProjectDependencies) = postProject
		{A6583E93-FBE8-45B2-BA1E-532A65B60636} = {A6583E93-FBE8-45B2-BA1E-532A65B60636}
	EndProjectSection
EndProject
Global
	GlobalSection(SolutionConfigurationPlatforms) = preSolution
		Debug|Any CPU = Debug|Any CPU
		Release|Any CPU = Release|Any CPU
	EndGlobalSection
	GlobalSection(ProjectConfigurationPlatforms) = postSolution
		{A6583E93-FBE8-45B2-BA1E-532A65B60636}.Debug|Any CPU.ActiveCfg = Debug|Any CPU
		{A6583E93-FBE8-45B2-BA1E-532A65B60636}.Debug|Any CPU.Build.0 = Debug|Any CPU
		{A6583E93-FBE8-45B2-BA1E-532A65B60636}.Release|Any CPU.ActiveCfg = Release|Any CPU
		{A6583E93-FBE8-45B2-BA1E-532A65B60636}.Release|Any CPU.Build.0 = Release|Any CPU
		{ACAA5CF5-2D35-4082-820A-6BE892EE95D8}.Debug|Any CPU.ActiveCfg = Debug|Any CPU
		{ACAA5CF5-2D35-4082-820A-6BE892EE95D8}.Debug|Any CPU.Build.0 = Debug|Any CPU
		{ACAA5CF5-2D35-4082-820A-6BE892EE95D8}.Release|Any CPU.ActiveCfg = Release|Any CPU
		{ACAA5CF5-2D35-4082-820A-6BE892EE95D8}.Release|Any CPU.Build.0 = Release|Any CPU
	EndGlobalSection
	GlobalSection(SolutionProperties) = preSolution
		HideSolutionNode = FALSE
	EndGlobalSection
	GlobalSection(ExtensibilityGlobals) = postSolution
		SolutionGuid = {58C73908-0C13-4B41-BC48-FABBB36ED771}
	EndGlobalSection
EndGlobal
