
Microsoft Visual Studio Solution File, Format Version 12.00
# Visual Studio Version 16
VisualStudioVersion = 16.0.30907.101
MinimumVisualStudioVersion = 10.0.40219.1
Project("{8BC9CEB8-8B4A-11D0-8D11-00A0C91BC942}") = "ebpfapi", "ebpfapi.vcxproj", "{C8BF60C3-40A9-43AD-891A-8AA34F1C3A68}"
EndProject
Project("{8BC9CEB8-8B4A-11D0-8D11-00A0C91BC942}") = "EbpfJitterDemoLib", "..\libs\EbpfJitterDemoLib\EbpfJitterDemoLib.vcxproj", "{245F0EC7-1EBC-4D68-8B1F-F758EA9196AE}"
EndProject
Project("{8BC9CEB8-8B4A-11D0-8D11-00A0C91BC942}") = "ebpfverifier", "..\..\..\external\ebpf-verifier\build\ebpfverifier.vcxproj", "{939A079D-A1E8-35D9-950F-11B1894D342E}"
EndProject
Global
	GlobalSection(SolutionConfigurationPlatforms) = preSolution
		Debug|x64 = Debug|x64
		Debug|x86 = Debug|x86
		MinSizeRel|x64 = MinSizeRel|x64
		MinSizeRel|x86 = MinSizeRel|x86
		Release|x64 = Release|x64
		Release|x86 = Release|x86
		RelWithDebInfo|x64 = RelWithDebInfo|x64
		RelWithDebInfo|x86 = RelWithDebInfo|x86
	EndGlobalSection
	GlobalSection(ProjectConfigurationPlatforms) = postSolution
		{C8BF60C3-40A9-43AD-891A-8AA34F1C3A68}.Debug|x64.ActiveCfg = Debug|x64
		{C8BF60C3-40A9-43AD-891A-8AA34F1C3A68}.Debug|x64.Build.0 = Debug|x64
		{C8BF60C3-40A9-43AD-891A-8AA34F1C3A68}.Debug|x86.ActiveCfg = Debug|Win32
		{C8BF60C3-40A9-43AD-891A-8AA34F1C3A68}.Debug|x86.Build.0 = Debug|Win32
		{C8BF60C3-40A9-43AD-891A-8AA34F1C3A68}.MinSizeRel|x64.ActiveCfg = Release|x64
		{C8BF60C3-40A9-43AD-891A-8AA34F1C3A68}.MinSizeRel|x64.Build.0 = Release|x64
		{C8BF60C3-40A9-43AD-891A-8AA34F1C3A68}.MinSizeRel|x86.ActiveCfg = Release|Win32
		{C8BF60C3-40A9-43AD-891A-8AA34F1C3A68}.MinSizeRel|x86.Build.0 = Release|Win32
		{C8BF60C3-40A9-43AD-891A-8AA34F1C3A68}.Release|x64.ActiveCfg = Release|x64
		{C8BF60C3-40A9-43AD-891A-8AA34F1C3A68}.Release|x64.Build.0 = Release|x64
		{C8BF60C3-40A9-43AD-891A-8AA34F1C3A68}.Release|x86.ActiveCfg = Release|Win32
		{C8BF60C3-40A9-43AD-891A-8AA34F1C3A68}.Release|x86.Build.0 = Release|Win32
		{C8BF60C3-40A9-43AD-891A-8AA34F1C3A68}.RelWithDebInfo|x64.ActiveCfg = Release|x64
		{C8BF60C3-40A9-43AD-891A-8AA34F1C3A68}.RelWithDebInfo|x64.Build.0 = Release|x64
		{C8BF60C3-40A9-43AD-891A-8AA34F1C3A68}.RelWithDebInfo|x86.ActiveCfg = Release|Win32
		{C8BF60C3-40A9-43AD-891A-8AA34F1C3A68}.RelWithDebInfo|x86.Build.0 = Release|Win32
		{245F0EC7-1EBC-4D68-8B1F-F758EA9196AE}.Debug|x64.ActiveCfg = Debug|x64
		{245F0EC7-1EBC-4D68-8B1F-F758EA9196AE}.Debug|x64.Build.0 = Debug|x64
		{245F0EC7-1EBC-4D68-8B1F-F758EA9196AE}.Debug|x86.ActiveCfg = Debug|Win32
		{245F0EC7-1EBC-4D68-8B1F-F758EA9196AE}.Debug|x86.Build.0 = Debug|Win32
		{245F0EC7-1EBC-4D68-8B1F-F758EA9196AE}.MinSizeRel|x64.ActiveCfg = Release|x64
		{245F0EC7-1EBC-4D68-8B1F-F758EA9196AE}.MinSizeRel|x64.Build.0 = Release|x64
		{245F0EC7-1EBC-4D68-8B1F-F758EA9196AE}.MinSizeRel|x86.ActiveCfg = Release|Win32
		{245F0EC7-1EBC-4D68-8B1F-F758EA9196AE}.MinSizeRel|x86.Build.0 = Release|Win32
		{245F0EC7-1EBC-4D68-8B1F-F758EA9196AE}.Release|x64.ActiveCfg = Release|x64
		{245F0EC7-1EBC-4D68-8B1F-F758EA9196AE}.Release|x64.Build.0 = Release|x64
		{245F0EC7-1EBC-4D68-8B1F-F758EA9196AE}.Release|x86.ActiveCfg = Release|Win32
		{245F0EC7-1EBC-4D68-8B1F-F758EA9196AE}.Release|x86.Build.0 = Release|Win32
		{245F0EC7-1EBC-4D68-8B1F-F758EA9196AE}.RelWithDebInfo|x64.ActiveCfg = Release|x64
		{245F0EC7-1EBC-4D68-8B1F-F758EA9196AE}.RelWithDebInfo|x64.Build.0 = Release|x64
		{245F0EC7-1EBC-4D68-8B1F-F758EA9196AE}.RelWithDebInfo|x86.ActiveCfg = Release|Win32
		{245F0EC7-1EBC-4D68-8B1F-F758EA9196AE}.RelWithDebInfo|x86.Build.0 = Release|Win32
		{939A079D-A1E8-35D9-950F-11B1894D342E}.Debug|x64.ActiveCfg = Debug|x64
		{939A079D-A1E8-35D9-950F-11B1894D342E}.Debug|x64.Build.0 = Debug|x64
		{939A079D-A1E8-35D9-950F-11B1894D342E}.Debug|x86.ActiveCfg = Debug|x64
		{939A079D-A1E8-35D9-950F-11B1894D342E}.MinSizeRel|x64.ActiveCfg = MinSizeRel|x64
		{939A079D-A1E8-35D9-950F-11B1894D342E}.MinSizeRel|x64.Build.0 = MinSizeRel|x64
		{939A079D-A1E8-35D9-950F-11B1894D342E}.MinSizeRel|x86.ActiveCfg = MinSizeRel|x64
		{939A079D-A1E8-35D9-950F-11B1894D342E}.Release|x64.ActiveCfg = Release|x64
		{939A079D-A1E8-35D9-950F-11B1894D342E}.Release|x64.Build.0 = Release|x64
		{939A079D-A1E8-35D9-950F-11B1894D342E}.Release|x86.ActiveCfg = Release|x64
		{939A079D-A1E8-35D9-950F-11B1894D342E}.RelWithDebInfo|x64.ActiveCfg = RelWithDebInfo|x64
		{939A079D-A1E8-35D9-950F-11B1894D342E}.RelWithDebInfo|x64.Build.0 = RelWithDebInfo|x64
		{939A079D-A1E8-35D9-950F-11B1894D342E}.RelWithDebInfo|x86.ActiveCfg = RelWithDebInfo|x64
	EndGlobalSection
	GlobalSection(SolutionProperties) = preSolution
		HideSolutionNode = FALSE
	EndGlobalSection
	GlobalSection(ExtensibilityGlobals) = postSolution
		SolutionGuid = {9DEA0F2A-7674-46AA-9E15-BC880EF5895D}
	EndGlobalSection
EndGlobal
