
Microsoft Visual Studio Solution File, Format Version 12.00
# Visual Studio Version 16
VisualStudioVersion = 16.0.30920.69
MinimumVisualStudioVersion = 10.0.40219.1
Project("{8BC9CEB8-8B4A-11D0-8D11-00A0C91BC942}") = "EbpfVerifierEnclaveLib", "ebpf\libs\EbpfVerifierEnclaveLib\EbpfVerifierEnclaveLib.vcxproj", "{669DB1E0-31AF-4487-BF3D-35B2C897EB21}"
EndProject
Project("{8BC9CEB8-8B4A-11D0-8D11-00A0C91BC942}") = "ebpfenclave", "ebpf\verifierenclave\ebpfenclave.vcxproj", "{BD96C5F6-42E4-43E1-967D-5FADF3E7F156}"
	ProjectSection(ProjectDependencies) = postProject
		{669DB1E0-31AF-4487-BF3D-35B2C897EB21} = {669DB1E0-31AF-4487-BF3D-35B2C897EB21}
	EndProjectSection
EndProject
Project("{8BC9CEB8-8B4A-11D0-8D11-00A0C91BC942}") = "enclavetest", "tools\enclavetest\enclavetest.vcxproj", "{726371EE-49B3-4D98-A3B4-779F939A449B}"
	ProjectSection(ProjectDependencies) = postProject
		{BD96C5F6-42E4-43E1-967D-5FADF3E7F156} = {BD96C5F6-42E4-43E1-967D-5FADF3E7F156}
	EndProjectSection
EndProject
Global
	GlobalSection(SolutionConfigurationPlatforms) = preSolution
		Debug|x64 = Debug|x64
		Debug|x86 = Debug|x86
		Release|x64 = Release|x64
		Release|x86 = Release|x86
	EndGlobalSection
	GlobalSection(ProjectConfigurationPlatforms) = postSolution
		{669DB1E0-31AF-4487-BF3D-35B2C897EB21}.Debug|x64.ActiveCfg = Debug|x64
		{669DB1E0-31AF-4487-BF3D-35B2C897EB21}.Debug|x64.Build.0 = Debug|x64
		{669DB1E0-31AF-4487-BF3D-35B2C897EB21}.Debug|x86.ActiveCfg = Debug|x64
		{669DB1E0-31AF-4487-BF3D-35B2C897EB21}.Release|x64.ActiveCfg = Release|x64
		{669DB1E0-31AF-4487-BF3D-35B2C897EB21}.Release|x64.Build.0 = Release|x64
		{669DB1E0-31AF-4487-BF3D-35B2C897EB21}.Release|x86.ActiveCfg = Release|x64
		{BD96C5F6-42E4-43E1-967D-5FADF3E7F156}.Debug|x64.ActiveCfg = Debug|x64
		{BD96C5F6-42E4-43E1-967D-5FADF3E7F156}.Debug|x64.Build.0 = Debug|x64
		{BD96C5F6-42E4-43E1-967D-5FADF3E7F156}.Debug|x86.ActiveCfg = Debug|x64
		{BD96C5F6-42E4-43E1-967D-5FADF3E7F156}.Release|x64.ActiveCfg = Release|x64
		{BD96C5F6-42E4-43E1-967D-5FADF3E7F156}.Release|x64.Build.0 = Release|x64
		{BD96C5F6-42E4-43E1-967D-5FADF3E7F156}.Release|x86.ActiveCfg = Release|x64
		{726371EE-49B3-4D98-A3B4-779F939A449B}.Debug|x64.ActiveCfg = Debug|x64
		{726371EE-49B3-4D98-A3B4-779F939A449B}.Debug|x64.Build.0 = Debug|x64
		{726371EE-49B3-4D98-A3B4-779F939A449B}.Debug|x86.ActiveCfg = Debug|Win32
		{726371EE-49B3-4D98-A3B4-779F939A449B}.Debug|x86.Build.0 = Debug|Win32
		{726371EE-49B3-4D98-A3B4-779F939A449B}.Release|x64.ActiveCfg = Release|x64
		{726371EE-49B3-4D98-A3B4-779F939A449B}.Release|x64.Build.0 = Release|x64
		{726371EE-49B3-4D98-A3B4-779F939A449B}.Release|x86.ActiveCfg = Release|Win32
		{726371EE-49B3-4D98-A3B4-779F939A449B}.Release|x86.Build.0 = Release|Win32
	EndGlobalSection
	GlobalSection(SolutionProperties) = preSolution
		HideSolutionNode = FALSE
	EndGlobalSection
	GlobalSection(ExtensibilityGlobals) = postSolution
		SolutionGuid = {E88020F9-F8C4-44AB-9831-243225202B90}
	EndGlobalSection
EndGlobal
