<?xml version="1.0" encoding="utf-8"?>
<!--
  Copyright (c) eBPF for Windows contributors
  SPDX-License-Identifier: MIT
-->
<Project ToolsVersion="4.0" xmlns="http://schemas.microsoft.com/developer/msbuild/2003">
  <ItemGroup>
    <Filter Include="Source Files">
      <UniqueIdentifier>{4FC737F1-C7A5-4376-A066-2A32D752A2FF}</UniqueIdentifier>
      <Extensions>cpp;c;cc;cxx;c++;cppm;ixx;def;odl;idl;hpj;bat;asm;asmx</Extensions>
    </Filter>
    <Filter Include="Header Files">
      <UniqueIdentifier>{93995380-89BD-4b04-88EB-625FBE52EBFB}</UniqueIdentifier>
      <Extensions>h;hh;hpp;hxx;h++;hm;inl;inc;ipp;xsd</Extensions>
    </Filter>
    <Filter Include="Resource Files">
      <UniqueIdentifier>{67DA6AB6-F800-4c08-8B7A-83BB121AAD01}</UniqueIdentifier>
      <Extensions>rc;ico;cur;bmp;dlg;rc2;rct;bin;rgs;gif;jpg;jpeg;jpe;resx;tiff;tif;png;wav;mfcribbon-ms</Extensions>
    </Filter>
  </ItemGroup>
  <ItemGroup>
    <CopyFileToFolders Include="..\setup-ebpf.ps1">
      <Filter>Source Files</Filter>
    </CopyFileToFolders>
    <CopyFileToFolders Include="..\run_tests.bat">
      <Filter>Source Files</Filter>
    </CopyFileToFolders>
    <CopyFileToFolders Include="..\common.psm1">
      <Filter>Source Files</Filter>
    </CopyFileToFolders>
    <CopyFileToFolders Include="..\config_test_vm.psm1">
      <Filter>Source Files</Filter>
    </CopyFileToFolders>
    <CopyFileToFolders Include="..\setup_ebpf_cicd_tests.ps1">
      <Filter>Source Files</Filter>
    </CopyFileToFolders>
    <CopyFileToFolders Include="..\execute_ebpf_cicd_tests.ps1">
      <Filter>Source Files</Filter>
    </CopyFileToFolders>
    <CopyFileToFolders Include="..\cleanup_ebpf_cicd_tests.ps1">
      <Filter>Source Files</Filter>
    </CopyFileToFolders>
    <CopyFileToFolders Include="..\install_ebpf.psm1">
      <Filter>Source Files</Filter>
    </CopyFileToFolders>
    <CopyFileToFolders Include="..\run_driver_tests.psm1">
      <Filter>Source Files</Filter>
    </CopyFileToFolders>
    <CopyFileToFolders Include="..\vm_run_tests.psm1">
      <Filter>Source Files</Filter>
    </CopyFileToFolders>
    <CopyFileToFolders Include="..\ebpf-all.guid">
      <Filter>Source Files</Filter>
    </CopyFileToFolders>
    <CopyFileToFolders Include="..\ebpfforwindows.wprp">
      <Filter>Source Files</Filter>
    </CopyFileToFolders>
    <CopyFileToFolders Include="..\ebpf-printk.guid">
      <Filter>Source Files</Filter>
    </CopyFileToFolders>
    <CopyFileToFolders Include="..\net-ebpf-ext.guid">
      <Filter>Source Files</Filter>
    </CopyFileToFolders>
    <CopyFileToFolders Include="..\test_execution.json">
      <Filter>Source Files</Filter>
    </CopyFileToFolders>
    <CopyFileToFolders Include="..\..\external\usersim\scripts\Test-FaultInjection.ps1" />
    <CopyFileToFolders Include="..\Run-Test.ps1" />
    <CopyFileToFolders Include="..\tracing_utils.psm1" />
  </ItemGroup>
  <ItemGroup>
    <None Include="..\pre-commit">
      <Filter>Source Files</Filter>
    </None>
  </ItemGroup>
  <ItemGroup>
    <CustomBuild Include="..\deploy-ebpf.ps1.in">
      <Filter>Source Files</Filter>
    </CustomBuild>
  </ItemGroup>
</Project>